// !$*UTF8*$!
{
	archiveVersion = 1;
	classes = {
	};
	objectVersion = 46;
	objects = {

/* Begin PBXAggregateTarget section */
		"PictionSDK::PictionSDKPackageTests::ProductTarget" /* PictionSDKPackageTests */ = {
			isa = PBXAggregateTarget;
			buildConfigurationList = OBJ_301 /* Build configuration list for PBXAggregateTarget "PictionSDKPackageTests" */;
			buildPhases = (
			);
			dependencies = (
				OBJ_304 /* PBXTargetDependency */,
			);
			name = PictionSDKPackageTests;
			productName = PictionSDKPackageTests;
		};
/* End PBXAggregateTarget section */

/* Begin PBXBuildFile section */
		4329EB9022B1D76B00D01916 /* PostsAPI.swift in Sources */ = {isa = PBXBuildFile; fileRef = 4329EB8F22B1D76B00D01916 /* PostsAPI.swift */; };
		4329EB9122B1D76B00D01916 /* PostsAPI.swift in Sources */ = {isa = PBXBuildFile; fileRef = 4329EB8F22B1D76B00D01916 /* PostsAPI.swift */; };
		4329EB9322B1D83B00D01916 /* PostViewResponse.swift in Sources */ = {isa = PBXBuildFile; fileRef = 4329EB9222B1D83B00D01916 /* PostViewResponse.swift */; };
		4329EB9422B1D83B00D01916 /* PostViewResponse.swift in Sources */ = {isa = PBXBuildFile; fileRef = 4329EB9222B1D83B00D01916 /* PostViewResponse.swift */; };
		4329EB9622B1DBF800D01916 /* PageViewResponse.swift in Sources */ = {isa = PBXBuildFile; fileRef = 4329EB9522B1DBF800D01916 /* PageViewResponse.swift */; };
		4329EB9722B1DBF800D01916 /* PageViewResponse.swift in Sources */ = {isa = PBXBuildFile; fileRef = 4329EB9522B1DBF800D01916 /* PageViewResponse.swift */; };
		4329EBB522B1E3A900D01916 /* Posts.swift in Sources */ = {isa = PBXBuildFile; fileRef = 4329EBB422B1E3A900D01916 /* Posts.swift */; };
		4329EBB622B1E3A900D01916 /* Posts.swift in Sources */ = {isa = PBXBuildFile; fileRef = 4329EBB422B1E3A900D01916 /* Posts.swift */; };
		432CAC0B22B328630007EE03 /* MyAPI.swift in Sources */ = {isa = PBXBuildFile; fileRef = 432CAC0A22B328630007EE03 /* MyAPI.swift */; };
		432CAC0C22B328630007EE03 /* MyAPI.swift in Sources */ = {isa = PBXBuildFile; fileRef = 432CAC0A22B328630007EE03 /* MyAPI.swift */; };
		432CAC0E22B32A2F0007EE03 /* My.swift in Sources */ = {isa = PBXBuildFile; fileRef = 432CAC0D22B32A2F0007EE03 /* My.swift */; };
		432CAC0F22B32A2F0007EE03 /* My.swift in Sources */ = {isa = PBXBuildFile; fileRef = 432CAC0D22B32A2F0007EE03 /* My.swift */; };
		432CAC2422B33F2D0007EE03 /* Series.swift in Sources */ = {isa = PBXBuildFile; fileRef = 432CAC2322B33F2D0007EE03 /* Series.swift */; };
		432CAC2522B33F2D0007EE03 /* Series.swift in Sources */ = {isa = PBXBuildFile; fileRef = 432CAC2322B33F2D0007EE03 /* Series.swift */; };
		432CAC2722B33F380007EE03 /* SeriesAPI.swift in Sources */ = {isa = PBXBuildFile; fileRef = 432CAC2622B33F380007EE03 /* SeriesAPI.swift */; };
		432CAC2822B33F380007EE03 /* SeriesAPI.swift in Sources */ = {isa = PBXBuildFile; fileRef = 432CAC2622B33F380007EE03 /* SeriesAPI.swift */; };
		432CAC2A22B33FBE0007EE03 /* SeriesViewResponse.swift in Sources */ = {isa = PBXBuildFile; fileRef = 432CAC2922B33FBE0007EE03 /* SeriesViewResponse.swift */; };
		432CAC2B22B33FBE0007EE03 /* SeriesViewResponse.swift in Sources */ = {isa = PBXBuildFile; fileRef = 432CAC2922B33FBE0007EE03 /* SeriesViewResponse.swift */; };
		432CAC4C22B37B730007EE03 /* DefaultResponse.swift in Sources */ = {isa = PBXBuildFile; fileRef = 432CAC4B22B37B730007EE03 /* DefaultResponse.swift */; };
		432CAC4D22B37B730007EE03 /* DefaultResponse.swift in Sources */ = {isa = PBXBuildFile; fileRef = 432CAC4B22B37B730007EE03 /* DefaultResponse.swift */; };
		43CA1C0422A4EF2300CEF20A /* MoyaResponseExtension.swift in Sources */ = {isa = PBXBuildFile; fileRef = 43CA1BE722A4EF2200CEF20A /* MoyaResponseExtension.swift */; };
		43CA1C0522A4EF2300CEF20A /* TargetTypeExtension.swift in Sources */ = {isa = PBXBuildFile; fileRef = 43CA1BE822A4EF2200CEF20A /* TargetTypeExtension.swift */; };
		43CA1C0622A4EF2300CEF20A /* ServerInfo.swift in Sources */ = {isa = PBXBuildFile; fileRef = 43CA1BEA22A4EF2200CEF20A /* ServerInfo.swift */; };
		43CA1C0722A4EF2300CEF20A /* UserViewResponse.swift in Sources */ = {isa = PBXBuildFile; fileRef = 43CA1BED22A4EF2200CEF20A /* UserViewResponse.swift */; };
		43CA1C0822A4EF2300CEF20A /* StorageAttachmentViewResponse.swift in Sources */ = {isa = PBXBuildFile; fileRef = 43CA1BEE22A4EF2200CEF20A /* StorageAttachmentViewResponse.swift */; };
		43CA1C0922A4EF2300CEF20A /* AuthenticationViewResponse.swift in Sources */ = {isa = PBXBuildFile; fileRef = 43CA1BEF22A4EF2200CEF20A /* AuthenticationViewResponse.swift */; };
		43CA1C0A22A4EF2300CEF20A /* ProjectViewResponse.swift in Sources */ = {isa = PBXBuildFile; fileRef = 43CA1BF022A4EF2200CEF20A /* ProjectViewResponse.swift */; };
		43CA1C0B22A4EF2300CEF20A /* WalletViewResponse.swift in Sources */ = {isa = PBXBuildFile; fileRef = 43CA1BF222A4EF2200CEF20A /* WalletViewResponse.swift */; };
		43CA1C0D22A4EF2300CEF20A /* ErrorModel.swift in Sources */ = {isa = PBXBuildFile; fileRef = 43CA1BF422A4EF2200CEF20A /* ErrorModel.swift */; };
		43CA1C0E22A4EF2300CEF20A /* Users.swift in Sources */ = {isa = PBXBuildFile; fileRef = 43CA1BF622A4EF2200CEF20A /* Users.swift */; };
		43CA1C0F22A4EF2300CEF20A /* Sessions.swift in Sources */ = {isa = PBXBuildFile; fileRef = 43CA1BF722A4EF2200CEF20A /* Sessions.swift */; };
		43CA1C1022A4EF2300CEF20A /* Projects.swift in Sources */ = {isa = PBXBuildFile; fileRef = 43CA1BF822A4EF2200CEF20A /* Projects.swift */; };
		43CA1C1122A4EF2300CEF20A /* UsersAPI.swift in Sources */ = {isa = PBXBuildFile; fileRef = 43CA1BFA22A4EF2200CEF20A /* UsersAPI.swift */; };
		43CA1C1222A4EF2300CEF20A /* ProjectsAPI.swift in Sources */ = {isa = PBXBuildFile; fileRef = 43CA1BFB22A4EF2200CEF20A /* ProjectsAPI.swift */; };
		43CA1C1322A4EF2300CEF20A /* SessionsAPI.swift in Sources */ = {isa = PBXBuildFile; fileRef = 43CA1BFC22A4EF2200CEF20A /* SessionsAPI.swift */; };
		43CA1C1422A4EF2300CEF20A /* PictionSDK.swift in Sources */ = {isa = PBXBuildFile; fileRef = 43CA1BFD22A4EF2200CEF20A /* PictionSDK.swift */; };
		43CA1C1522A4EF2300CEF20A /* PictionManager.swift in Sources */ = {isa = PBXBuildFile; fileRef = 43CA1BFF22A4EF2200CEF20A /* PictionManager.swift */; };
		43CA1C1622A4EF2300CEF20A /* Response.swift in Sources */ = {isa = PBXBuildFile; fileRef = 43CA1C0022A4EF2200CEF20A /* Response.swift */; };
		43CA1C1722A4EF2300CEF20A /* Request.swift in Sources */ = {isa = PBXBuildFile; fileRef = 43CA1C0122A4EF2200CEF20A /* Request.swift */; };
		43CA1C1822A4EF2300CEF20A /* ErrorType.swift in Sources */ = {isa = PBXBuildFile; fileRef = 43CA1C0222A4EF2200CEF20A /* ErrorType.swift */; };
		43CA1CC522A4F6F900CEF20A /* PictionSDK+Rx.swift in Sources */ = {isa = PBXBuildFile; fileRef = 43CA1CC322A4F6F900CEF20A /* PictionSDK+Rx.swift */; };
		43CA1CD322A5061D00CEF20A /* PictionSDK.framework in Frameworks */ = {isa = PBXBuildFile; fileRef = "PictionSDK::PictionSDK::Product" /* PictionSDK.framework */; };
		43CA1CD522A5070D00CEF20A /* Mapper.framework in Frameworks */ = {isa = PBXBuildFile; fileRef = 43FC8937229E60BA0074C3D6 /* Mapper.framework */; };
		43CA1CD822A5071D00CEF20A /* RxMoya.framework in Frameworks */ = {isa = PBXBuildFile; fileRef = 43CA1CD622A5071D00CEF20A /* RxMoya.framework */; };
		43CA1CD922A5071D00CEF20A /* RxSwift.framework in Frameworks */ = {isa = PBXBuildFile; fileRef = 43CA1CD722A5071D00CEF20A /* RxSwift.framework */; };
		43CA1CDB22A50A3400CEF20A /* RxMoya_ModelMapper.framework in Frameworks */ = {isa = PBXBuildFile; fileRef = 43CA1CDA22A50A3400CEF20A /* RxMoya_ModelMapper.framework */; };
		43CA1CFA22A759DC00CEF20A /* PictionManager.swift in Sources */ = {isa = PBXBuildFile; fileRef = 43CA1BFF22A4EF2200CEF20A /* PictionManager.swift */; };
		43CA1CFB22A759DC00CEF20A /* Request.swift in Sources */ = {isa = PBXBuildFile; fileRef = 43CA1C0122A4EF2200CEF20A /* Request.swift */; };
		43CA1CFC22A759DC00CEF20A /* StorageAttachmentViewResponse.swift in Sources */ = {isa = PBXBuildFile; fileRef = 43CA1BEE22A4EF2200CEF20A /* StorageAttachmentViewResponse.swift */; };
		43CA1CFD22A759DC00CEF20A /* AuthenticationViewResponse.swift in Sources */ = {isa = PBXBuildFile; fileRef = 43CA1BEF22A4EF2200CEF20A /* AuthenticationViewResponse.swift */; };
		43CA1CFE22A759DC00CEF20A /* MoyaResponseExtension.swift in Sources */ = {isa = PBXBuildFile; fileRef = 43CA1BE722A4EF2200CEF20A /* MoyaResponseExtension.swift */; };
		43CA1CFF22A759DC00CEF20A /* UserViewResponse.swift in Sources */ = {isa = PBXBuildFile; fileRef = 43CA1BED22A4EF2200CEF20A /* UserViewResponse.swift */; };
		43CA1D0022A759DC00CEF20A /* Sessions.swift in Sources */ = {isa = PBXBuildFile; fileRef = 43CA1BF722A4EF2200CEF20A /* Sessions.swift */; };
		43CA1D0122A759DC00CEF20A /* SessionsAPI.swift in Sources */ = {isa = PBXBuildFile; fileRef = 43CA1BFC22A4EF2200CEF20A /* SessionsAPI.swift */; };
		43CA1D0222A759DC00CEF20A /* PictionSDK.swift in Sources */ = {isa = PBXBuildFile; fileRef = 43CA1BFD22A4EF2200CEF20A /* PictionSDK.swift */; };
		43CA1D0322A759DC00CEF20A /* WalletViewResponse.swift in Sources */ = {isa = PBXBuildFile; fileRef = 43CA1BF222A4EF2200CEF20A /* WalletViewResponse.swift */; };
		43CA1D0422A759DC00CEF20A /* ErrorType.swift in Sources */ = {isa = PBXBuildFile; fileRef = 43CA1C0222A4EF2200CEF20A /* ErrorType.swift */; };
		43CA1D0522A759DC00CEF20A /* ServerInfo.swift in Sources */ = {isa = PBXBuildFile; fileRef = 43CA1BEA22A4EF2200CEF20A /* ServerInfo.swift */; };
		43CA1D0622A759DC00CEF20A /* Response.swift in Sources */ = {isa = PBXBuildFile; fileRef = 43CA1C0022A4EF2200CEF20A /* Response.swift */; };
		43CA1D0722A759DC00CEF20A /* Users.swift in Sources */ = {isa = PBXBuildFile; fileRef = 43CA1BF622A4EF2200CEF20A /* Users.swift */; };
		43CA1D0822A759DC00CEF20A /* TargetTypeExtension.swift in Sources */ = {isa = PBXBuildFile; fileRef = 43CA1BE822A4EF2200CEF20A /* TargetTypeExtension.swift */; };
		43CA1D0922A759DC00CEF20A /* UsersAPI.swift in Sources */ = {isa = PBXBuildFile; fileRef = 43CA1BFA22A4EF2200CEF20A /* UsersAPI.swift */; };
		43CA1D0A22A759DC00CEF20A /* ProjectsAPI.swift in Sources */ = {isa = PBXBuildFile; fileRef = 43CA1BFB22A4EF2200CEF20A /* ProjectsAPI.swift */; };
		43CA1D0B22A759DC00CEF20A /* ErrorModel.swift in Sources */ = {isa = PBXBuildFile; fileRef = 43CA1BF422A4EF2200CEF20A /* ErrorModel.swift */; };
		43CA1D0C22A759DC00CEF20A /* ProjectViewResponse.swift in Sources */ = {isa = PBXBuildFile; fileRef = 43CA1BF022A4EF2200CEF20A /* ProjectViewResponse.swift */; };
		43CA1D0E22A759DC00CEF20A /* Projects.swift in Sources */ = {isa = PBXBuildFile; fileRef = 43CA1BF822A4EF2200CEF20A /* Projects.swift */; };
		43CA1D1022A759DC00CEF20A /* Alamofire.framework in Frameworks */ = {isa = PBXBuildFile; fileRef = 43FC8932229E60BA0074C3D6 /* Alamofire.framework */; };
		43CA1D1122A759DC00CEF20A /* Moya_ModelMapper.framework in Frameworks */ = {isa = PBXBuildFile; fileRef = 43FC8933229E60BA0074C3D6 /* Moya_ModelMapper.framework */; };
		43CA1D1222A759DC00CEF20A /* Result.framework in Frameworks */ = {isa = PBXBuildFile; fileRef = 43FC8934229E60BA0074C3D6 /* Result.framework */; };
		43CA1D1322A759DC00CEF20A /* KeychainAccess.framework in Frameworks */ = {isa = PBXBuildFile; fileRef = 43FC8935229E60BA0074C3D6 /* KeychainAccess.framework */; };
		43CA1D1422A759DC00CEF20A /* Moya.framework in Frameworks */ = {isa = PBXBuildFile; fileRef = 43FC8936229E60BA0074C3D6 /* Moya.framework */; };
		43CA1D1522A759DC00CEF20A /* Mapper.framework in Frameworks */ = {isa = PBXBuildFile; fileRef = 43FC8937229E60BA0074C3D6 /* Mapper.framework */; };
		43CA1D1F22A75A2200CEF20A /* PictionSDK+Rx.swift in Sources */ = {isa = PBXBuildFile; fileRef = 43CA1CC322A4F6F900CEF20A /* PictionSDK+Rx.swift */; };
		43CA1D2022A75A4700CEF20A /* RxSwift.framework in Frameworks */ = {isa = PBXBuildFile; fileRef = 43CA1CD722A5071D00CEF20A /* RxSwift.framework */; };
		43CA1D2122A75A6000CEF20A /* RxMoya_ModelMapper.framework in Frameworks */ = {isa = PBXBuildFile; fileRef = 43CA1CDA22A50A3400CEF20A /* RxMoya_ModelMapper.framework */; };
		43CA1D2222A75A6400CEF20A /* RxMoya.framework in Frameworks */ = {isa = PBXBuildFile; fileRef = 43CA1CD622A5071D00CEF20A /* RxMoya.framework */; };
		43CA221722B0A11F00CEF20A /* TransactionViewResponse.swift in Sources */ = {isa = PBXBuildFile; fileRef = 43CA221622B0A11F00CEF20A /* TransactionViewResponse.swift */; };
		43CA221822B0A37600CEF20A /* TransactionViewResponse.swift in Sources */ = {isa = PBXBuildFile; fileRef = 43CA221622B0A11F00CEF20A /* TransactionViewResponse.swift */; };
		43FC8938229E60BA0074C3D6 /* Alamofire.framework in Frameworks */ = {isa = PBXBuildFile; fileRef = 43FC8932229E60BA0074C3D6 /* Alamofire.framework */; };
		43FC8939229E60BA0074C3D6 /* Moya_ModelMapper.framework in Frameworks */ = {isa = PBXBuildFile; fileRef = 43FC8933229E60BA0074C3D6 /* Moya_ModelMapper.framework */; };
		43FC893A229E60BA0074C3D6 /* Result.framework in Frameworks */ = {isa = PBXBuildFile; fileRef = 43FC8934229E60BA0074C3D6 /* Result.framework */; };
		43FC893B229E60BA0074C3D6 /* KeychainAccess.framework in Frameworks */ = {isa = PBXBuildFile; fileRef = 43FC8935229E60BA0074C3D6 /* KeychainAccess.framework */; };
		43FC893C229E60BA0074C3D6 /* Moya.framework in Frameworks */ = {isa = PBXBuildFile; fileRef = 43FC8936229E60BA0074C3D6 /* Moya.framework */; };
		OBJ_299 /* Package.swift in Sources */ = {isa = PBXBuildFile; fileRef = OBJ_6 /* Package.swift */; };
		OBJ_310 /* PictionSDKTests.swift in Sources */ = {isa = PBXBuildFile; fileRef = OBJ_35 /* PictionSDKTests.swift */; };
		OBJ_311 /* XCTestManifests.swift in Sources */ = {isa = PBXBuildFile; fileRef = OBJ_36 /* XCTestManifests.swift */; };
		OBJ_313 /* PictionSDK.framework in Frameworks */ = {isa = PBXBuildFile; fileRef = "PictionSDK::PictionSDK::Product" /* PictionSDK.framework */; };
/* End PBXBuildFile section */

/* Begin PBXContainerItemProxy section */
		43FC88EE229D3A370074C3D6 /* PBXContainerItemProxy */ = {
			isa = PBXContainerItemProxy;
			containerPortal = OBJ_1 /* Project object */;
			proxyType = 1;
			remoteGlobalIDString = "PictionSDK::PictionSDK";
			remoteInfo = PictionSDK;
		};
		43FC88F5229D3A3A0074C3D6 /* PBXContainerItemProxy */ = {
			isa = PBXContainerItemProxy;
			containerPortal = OBJ_1 /* Project object */;
			proxyType = 1;
			remoteGlobalIDString = "PictionSDK::PictionSDKTests";
			remoteInfo = PictionSDKTests;
		};
/* End PBXContainerItemProxy section */

/* Begin PBXFileReference section */
		4329EB8F22B1D76B00D01916 /* PostsAPI.swift */ = {isa = PBXFileReference; lastKnownFileType = sourcecode.swift; path = PostsAPI.swift; sourceTree = "<group>"; };
		4329EB9222B1D83B00D01916 /* PostViewResponse.swift */ = {isa = PBXFileReference; lastKnownFileType = sourcecode.swift; path = PostViewResponse.swift; sourceTree = "<group>"; };
		4329EB9522B1DBF800D01916 /* PageViewResponse.swift */ = {isa = PBXFileReference; lastKnownFileType = sourcecode.swift; path = PageViewResponse.swift; sourceTree = "<group>"; };
		4329EBB422B1E3A900D01916 /* Posts.swift */ = {isa = PBXFileReference; lastKnownFileType = sourcecode.swift; path = Posts.swift; sourceTree = "<group>"; };
		432CAC0A22B328630007EE03 /* MyAPI.swift */ = {isa = PBXFileReference; lastKnownFileType = sourcecode.swift; path = MyAPI.swift; sourceTree = "<group>"; };
		432CAC0D22B32A2F0007EE03 /* My.swift */ = {isa = PBXFileReference; lastKnownFileType = sourcecode.swift; path = My.swift; sourceTree = "<group>"; };
		432CAC2322B33F2D0007EE03 /* Series.swift */ = {isa = PBXFileReference; lastKnownFileType = sourcecode.swift; path = Series.swift; sourceTree = "<group>"; };
		432CAC2622B33F380007EE03 /* SeriesAPI.swift */ = {isa = PBXFileReference; lastKnownFileType = sourcecode.swift; path = SeriesAPI.swift; sourceTree = "<group>"; };
		432CAC2922B33FBE0007EE03 /* SeriesViewResponse.swift */ = {isa = PBXFileReference; lastKnownFileType = sourcecode.swift; path = SeriesViewResponse.swift; sourceTree = "<group>"; };
		432CAC4B22B37B730007EE03 /* DefaultResponse.swift */ = {isa = PBXFileReference; lastKnownFileType = sourcecode.swift; path = DefaultResponse.swift; sourceTree = "<group>"; };
		43CA1BE722A4EF2200CEF20A /* MoyaResponseExtension.swift */ = {isa = PBXFileReference; fileEncoding = 4; lastKnownFileType = sourcecode.swift; path = MoyaResponseExtension.swift; sourceTree = "<group>"; };
		43CA1BE822A4EF2200CEF20A /* TargetTypeExtension.swift */ = {isa = PBXFileReference; fileEncoding = 4; lastKnownFileType = sourcecode.swift; path = TargetTypeExtension.swift; sourceTree = "<group>"; };
		43CA1BEA22A4EF2200CEF20A /* ServerInfo.swift */ = {isa = PBXFileReference; fileEncoding = 4; lastKnownFileType = sourcecode.swift; path = ServerInfo.swift; sourceTree = "<group>"; };
		43CA1BED22A4EF2200CEF20A /* UserViewResponse.swift */ = {isa = PBXFileReference; fileEncoding = 4; lastKnownFileType = sourcecode.swift; path = UserViewResponse.swift; sourceTree = "<group>"; };
		43CA1BEE22A4EF2200CEF20A /* StorageAttachmentViewResponse.swift */ = {isa = PBXFileReference; fileEncoding = 4; lastKnownFileType = sourcecode.swift; path = StorageAttachmentViewResponse.swift; sourceTree = "<group>"; };
		43CA1BEF22A4EF2200CEF20A /* AuthenticationViewResponse.swift */ = {isa = PBXFileReference; fileEncoding = 4; lastKnownFileType = sourcecode.swift; path = AuthenticationViewResponse.swift; sourceTree = "<group>"; };
		43CA1BF022A4EF2200CEF20A /* ProjectViewResponse.swift */ = {isa = PBXFileReference; fileEncoding = 4; lastKnownFileType = sourcecode.swift; path = ProjectViewResponse.swift; sourceTree = "<group>"; };
		43CA1BF222A4EF2200CEF20A /* WalletViewResponse.swift */ = {isa = PBXFileReference; fileEncoding = 4; lastKnownFileType = sourcecode.swift; path = WalletViewResponse.swift; sourceTree = "<group>"; };
		43CA1BF422A4EF2200CEF20A /* ErrorModel.swift */ = {isa = PBXFileReference; fileEncoding = 4; lastKnownFileType = sourcecode.swift; path = ErrorModel.swift; sourceTree = "<group>"; };
		43CA1BF622A4EF2200CEF20A /* Users.swift */ = {isa = PBXFileReference; fileEncoding = 4; lastKnownFileType = sourcecode.swift; path = Users.swift; sourceTree = "<group>"; };
		43CA1BF722A4EF2200CEF20A /* Sessions.swift */ = {isa = PBXFileReference; fileEncoding = 4; lastKnownFileType = sourcecode.swift; path = Sessions.swift; sourceTree = "<group>"; };
		43CA1BF822A4EF2200CEF20A /* Projects.swift */ = {isa = PBXFileReference; fileEncoding = 4; lastKnownFileType = sourcecode.swift; path = Projects.swift; sourceTree = "<group>"; };
		43CA1BFA22A4EF2200CEF20A /* UsersAPI.swift */ = {isa = PBXFileReference; fileEncoding = 4; lastKnownFileType = sourcecode.swift; path = UsersAPI.swift; sourceTree = "<group>"; };
		43CA1BFB22A4EF2200CEF20A /* ProjectsAPI.swift */ = {isa = PBXFileReference; fileEncoding = 4; lastKnownFileType = sourcecode.swift; path = ProjectsAPI.swift; sourceTree = "<group>"; };
		43CA1BFC22A4EF2200CEF20A /* SessionsAPI.swift */ = {isa = PBXFileReference; fileEncoding = 4; lastKnownFileType = sourcecode.swift; path = SessionsAPI.swift; sourceTree = "<group>"; };
		43CA1BFD22A4EF2200CEF20A /* PictionSDK.swift */ = {isa = PBXFileReference; fileEncoding = 4; lastKnownFileType = sourcecode.swift; path = PictionSDK.swift; sourceTree = "<group>"; };
		43CA1BFF22A4EF2200CEF20A /* PictionManager.swift */ = {isa = PBXFileReference; fileEncoding = 4; lastKnownFileType = sourcecode.swift; path = PictionManager.swift; sourceTree = "<group>"; };
		43CA1C0022A4EF2200CEF20A /* Response.swift */ = {isa = PBXFileReference; fileEncoding = 4; lastKnownFileType = sourcecode.swift; path = Response.swift; sourceTree = "<group>"; };
		43CA1C0122A4EF2200CEF20A /* Request.swift */ = {isa = PBXFileReference; fileEncoding = 4; lastKnownFileType = sourcecode.swift; path = Request.swift; sourceTree = "<group>"; };
		43CA1C0222A4EF2200CEF20A /* ErrorType.swift */ = {isa = PBXFileReference; fileEncoding = 4; lastKnownFileType = sourcecode.swift; path = ErrorType.swift; sourceTree = "<group>"; };
		43CA1CC022A4F6BF00CEF20A /* RxPictionSDK.framework */ = {isa = PBXFileReference; explicitFileType = wrapper.framework; includeInIndex = 0; path = RxPictionSDK.framework; sourceTree = BUILT_PRODUCTS_DIR; };
		43CA1CC322A4F6F900CEF20A /* PictionSDK+Rx.swift */ = {isa = PBXFileReference; fileEncoding = 4; lastKnownFileType = sourcecode.swift; path = "PictionSDK+Rx.swift"; sourceTree = "<group>"; };
		43CA1CD622A5071D00CEF20A /* RxMoya.framework */ = {isa = PBXFileReference; lastKnownFileType = wrapper.framework; name = RxMoya.framework; path = Carthage/Build/iOS/RxMoya.framework; sourceTree = "<group>"; };
		43CA1CD722A5071D00CEF20A /* RxSwift.framework */ = {isa = PBXFileReference; lastKnownFileType = wrapper.framework; name = RxSwift.framework; path = Carthage/Build/iOS/RxSwift.framework; sourceTree = "<group>"; };
		43CA1CDA22A50A3400CEF20A /* RxMoya_ModelMapper.framework */ = {isa = PBXFileReference; lastKnownFileType = wrapper.framework; name = RxMoya_ModelMapper.framework; path = Carthage/Build/iOS/RxMoya_ModelMapper.framework; sourceTree = "<group>"; };
		43CA1D1B22A759DC00CEF20A /* PictionSDK.framework */ = {isa = PBXFileReference; explicitFileType = wrapper.framework; includeInIndex = 0; path = PictionSDK.framework; sourceTree = BUILT_PRODUCTS_DIR; };
		43CA221622B0A11F00CEF20A /* TransactionViewResponse.swift */ = {isa = PBXFileReference; lastKnownFileType = sourcecode.swift; path = TransactionViewResponse.swift; sourceTree = "<group>"; };
		43FC8932229E60BA0074C3D6 /* Alamofire.framework */ = {isa = PBXFileReference; lastKnownFileType = wrapper.framework; name = Alamofire.framework; path = Carthage/Build/iOS/Alamofire.framework; sourceTree = "<group>"; };
		43FC8933229E60BA0074C3D6 /* Moya_ModelMapper.framework */ = {isa = PBXFileReference; lastKnownFileType = wrapper.framework; name = Moya_ModelMapper.framework; path = Carthage/Build/iOS/Moya_ModelMapper.framework; sourceTree = "<group>"; };
		43FC8934229E60BA0074C3D6 /* Result.framework */ = {isa = PBXFileReference; lastKnownFileType = wrapper.framework; name = Result.framework; path = Carthage/Build/iOS/Result.framework; sourceTree = "<group>"; };
		43FC8935229E60BA0074C3D6 /* KeychainAccess.framework */ = {isa = PBXFileReference; lastKnownFileType = wrapper.framework; name = KeychainAccess.framework; path = Carthage/Build/iOS/KeychainAccess.framework; sourceTree = "<group>"; };
		43FC8936229E60BA0074C3D6 /* Moya.framework */ = {isa = PBXFileReference; lastKnownFileType = wrapper.framework; name = Moya.framework; path = Carthage/Build/iOS/Moya.framework; sourceTree = "<group>"; };
		43FC8937229E60BA0074C3D6 /* Mapper.framework */ = {isa = PBXFileReference; lastKnownFileType = wrapper.framework; name = Mapper.framework; path = Carthage/Build/iOS/Mapper.framework; sourceTree = "<group>"; };
		OBJ_35 /* PictionSDKTests.swift */ = {isa = PBXFileReference; lastKnownFileType = sourcecode.swift; path = PictionSDKTests.swift; sourceTree = "<group>"; };
		OBJ_36 /* XCTestManifests.swift */ = {isa = PBXFileReference; lastKnownFileType = sourcecode.swift; path = XCTestManifests.swift; sourceTree = "<group>"; };
		OBJ_6 /* Package.swift */ = {isa = PBXFileReference; explicitFileType = sourcecode.swift; path = Package.swift; sourceTree = "<group>"; };
		"PictionSDK::PictionSDK::Product" /* PictionSDK.framework */ = {isa = PBXFileReference; explicitFileType = wrapper.framework; path = PictionSDK.framework; sourceTree = BUILT_PRODUCTS_DIR; };
		"PictionSDK::PictionSDKTests::Product" /* PictionSDKTests.xctest */ = {isa = PBXFileReference; explicitFileType = wrapper.cfbundle; path = PictionSDKTests.xctest; sourceTree = BUILT_PRODUCTS_DIR; };
/* End PBXFileReference section */

/* Begin PBXFrameworksBuildPhase section */
		43CA1CB422A4F6BF00CEF20A /* Frameworks */ = {
			isa = PBXFrameworksBuildPhase;
			buildActionMask = 0;
			files = (
				43CA1CD322A5061D00CEF20A /* PictionSDK.framework in Frameworks */,
				43CA1CD822A5071D00CEF20A /* RxMoya.framework in Frameworks */,
				43CA1CD922A5071D00CEF20A /* RxSwift.framework in Frameworks */,
				43CA1CDB22A50A3400CEF20A /* RxMoya_ModelMapper.framework in Frameworks */,
			);
			runOnlyForDeploymentPostprocessing = 0;
		};
		43CA1D0F22A759DC00CEF20A /* Frameworks */ = {
			isa = PBXFrameworksBuildPhase;
			buildActionMask = 0;
			files = (
				43CA1D1022A759DC00CEF20A /* Alamofire.framework in Frameworks */,
				43CA1D2022A75A4700CEF20A /* RxSwift.framework in Frameworks */,
				43CA1D1122A759DC00CEF20A /* Moya_ModelMapper.framework in Frameworks */,
				43CA1D1222A759DC00CEF20A /* Result.framework in Frameworks */,
				43CA1D1322A759DC00CEF20A /* KeychainAccess.framework in Frameworks */,
				43CA1D2122A75A6000CEF20A /* RxMoya_ModelMapper.framework in Frameworks */,
				43CA1D2222A75A6400CEF20A /* RxMoya.framework in Frameworks */,
				43CA1D1422A759DC00CEF20A /* Moya.framework in Frameworks */,
				43CA1D1522A759DC00CEF20A /* Mapper.framework in Frameworks */,
			);
			runOnlyForDeploymentPostprocessing = 0;
		};
		OBJ_281 /* Frameworks */ = {
			isa = PBXFrameworksBuildPhase;
			buildActionMask = 0;
			files = (
				43FC8938229E60BA0074C3D6 /* Alamofire.framework in Frameworks */,
				43FC8939229E60BA0074C3D6 /* Moya_ModelMapper.framework in Frameworks */,
				43FC893A229E60BA0074C3D6 /* Result.framework in Frameworks */,
				43FC893B229E60BA0074C3D6 /* KeychainAccess.framework in Frameworks */,
				43FC893C229E60BA0074C3D6 /* Moya.framework in Frameworks */,
				43CA1CD522A5070D00CEF20A /* Mapper.framework in Frameworks */,
			);
			runOnlyForDeploymentPostprocessing = 0;
		};
		OBJ_312 /* Frameworks */ = {
			isa = PBXFrameworksBuildPhase;
			buildActionMask = 0;
			files = (
				OBJ_313 /* PictionSDK.framework in Frameworks */,
			);
			runOnlyForDeploymentPostprocessing = 0;
		};
/* End PBXFrameworksBuildPhase section */

/* Begin PBXGroup section */
		43CA1BE522A4EF2200CEF20A /* PictionSDK */ = {
			isa = PBXGroup;
			children = (
				43CA1BFD22A4EF2200CEF20A /* PictionSDK.swift */,
				43CA1BE622A4EF2200CEF20A /* Extension */,
				43CA1BE922A4EF2200CEF20A /* Config */,
				43CA1BEB22A4EF2200CEF20A /* Network */,
				43CA1BFE22A4EF2200CEF20A /* Helper */,
			);
			path = PictionSDK;
			sourceTree = "<group>";
		};
		43CA1BE622A4EF2200CEF20A /* Extension */ = {
			isa = PBXGroup;
			children = (
				43CA1BE722A4EF2200CEF20A /* MoyaResponseExtension.swift */,
				43CA1BE822A4EF2200CEF20A /* TargetTypeExtension.swift */,
			);
			path = Extension;
			sourceTree = "<group>";
		};
		43CA1BE922A4EF2200CEF20A /* Config */ = {
			isa = PBXGroup;
			children = (
				43CA1BEA22A4EF2200CEF20A /* ServerInfo.swift */,
			);
			path = Config;
			sourceTree = "<group>";
		};
		43CA1BEB22A4EF2200CEF20A /* Network */ = {
			isa = PBXGroup;
			children = (
				43CA1BEC22A4EF2200CEF20A /* Response */,
				43CA1BF122A4EF2200CEF20A /* Model */,
				43CA1BF522A4EF2200CEF20A /* Request */,
				43CA1BF922A4EF2200CEF20A /* TargetType */,
			);
			path = Network;
			sourceTree = "<group>";
		};
		43CA1BEC22A4EF2200CEF20A /* Response */ = {
			isa = PBXGroup;
			children = (
				432CAC4B22B37B730007EE03 /* DefaultResponse.swift */,
				43CA1BEF22A4EF2200CEF20A /* AuthenticationViewResponse.swift */,
				43CA1BED22A4EF2200CEF20A /* UserViewResponse.swift */,
				43CA1BEE22A4EF2200CEF20A /* StorageAttachmentViewResponse.swift */,
				43CA1BF022A4EF2200CEF20A /* ProjectViewResponse.swift */,
				43CA221622B0A11F00CEF20A /* TransactionViewResponse.swift */,
				4329EB9222B1D83B00D01916 /* PostViewResponse.swift */,
				4329EB9522B1DBF800D01916 /* PageViewResponse.swift */,
				43CA1BF222A4EF2200CEF20A /* WalletViewResponse.swift */,
				432CAC2922B33FBE0007EE03 /* SeriesViewResponse.swift */,
			);
			path = Response;
			sourceTree = "<group>";
		};
		43CA1BF122A4EF2200CEF20A /* Model */ = {
			isa = PBXGroup;
			children = (
				43CA1BF422A4EF2200CEF20A /* ErrorModel.swift */,
			);
			path = Model;
			sourceTree = "<group>";
		};
		43CA1BF522A4EF2200CEF20A /* Request */ = {
			isa = PBXGroup;
			children = (
				43CA1BF622A4EF2200CEF20A /* Users.swift */,
				43CA1BF722A4EF2200CEF20A /* Sessions.swift */,
				43CA1BF822A4EF2200CEF20A /* Projects.swift */,
				4329EBB422B1E3A900D01916 /* Posts.swift */,
				432CAC0D22B32A2F0007EE03 /* My.swift */,
				432CAC2322B33F2D0007EE03 /* Series.swift */,
			);
			path = Request;
			sourceTree = "<group>";
		};
		43CA1BF922A4EF2200CEF20A /* TargetType */ = {
			isa = PBXGroup;
			children = (
				43CA1BFA22A4EF2200CEF20A /* UsersAPI.swift */,
				43CA1BFC22A4EF2200CEF20A /* SessionsAPI.swift */,
				43CA1BFB22A4EF2200CEF20A /* ProjectsAPI.swift */,
				4329EB8F22B1D76B00D01916 /* PostsAPI.swift */,
				432CAC0A22B328630007EE03 /* MyAPI.swift */,
				432CAC2622B33F380007EE03 /* SeriesAPI.swift */,
			);
			path = TargetType;
			sourceTree = "<group>";
		};
		43CA1BFE22A4EF2200CEF20A /* Helper */ = {
			isa = PBXGroup;
			children = (
				43CA1BFF22A4EF2200CEF20A /* PictionManager.swift */,
				43CA1C0022A4EF2200CEF20A /* Response.swift */,
				43CA1C0122A4EF2200CEF20A /* Request.swift */,
				43CA1C0222A4EF2200CEF20A /* ErrorType.swift */,
			);
			path = Helper;
			sourceTree = "<group>";
		};
		43CA1C0322A4EF2300CEF20A /* RxPictionSDK */ = {
			isa = PBXGroup;
			children = (
				43CA1CC322A4F6F900CEF20A /* PictionSDK+Rx.swift */,
			);
			path = RxPictionSDK;
			sourceTree = "<group>";
		};
		43FC8931229E60B90074C3D6 /* Frameworks */ = {
			isa = PBXGroup;
			children = (
				43CA1CDA22A50A3400CEF20A /* RxMoya_ModelMapper.framework */,
				43CA1CD622A5071D00CEF20A /* RxMoya.framework */,
				43CA1CD722A5071D00CEF20A /* RxSwift.framework */,
				43FC8932229E60BA0074C3D6 /* Alamofire.framework */,
				43FC8935229E60BA0074C3D6 /* KeychainAccess.framework */,
				43FC8937229E60BA0074C3D6 /* Mapper.framework */,
				43FC8933229E60BA0074C3D6 /* Moya_ModelMapper.framework */,
				43FC8936229E60BA0074C3D6 /* Moya.framework */,
				43FC8934229E60BA0074C3D6 /* Result.framework */,
			);
			name = Frameworks;
			sourceTree = "<group>";
		};
		OBJ_117 /* Products */ = {
			isa = PBXGroup;
			children = (
				"PictionSDK::PictionSDK::Product" /* PictionSDK.framework */,
				"PictionSDK::PictionSDKTests::Product" /* PictionSDKTests.xctest */,
				43CA1CC022A4F6BF00CEF20A /* RxPictionSDK.framework */,
				43CA1D1B22A759DC00CEF20A /* PictionSDK.framework */,
			);
			name = Products;
			sourceTree = BUILT_PRODUCTS_DIR;
		};
		OBJ_33 /* Tests */ = {
			isa = PBXGroup;
			children = (
				OBJ_34 /* PictionSDKTests */,
			);
			name = Tests;
			sourceTree = SOURCE_ROOT;
		};
		OBJ_34 /* PictionSDKTests */ = {
			isa = PBXGroup;
			children = (
				OBJ_35 /* PictionSDKTests.swift */,
				OBJ_36 /* XCTestManifests.swift */,
			);
			name = PictionSDKTests;
			path = Tests/PictionSDKTests;
			sourceTree = SOURCE_ROOT;
		};
		OBJ_5 = {
			isa = PBXGroup;
			children = (
				OBJ_6 /* Package.swift */,
				OBJ_7 /* Sources */,
				OBJ_33 /* Tests */,
				OBJ_117 /* Products */,
				43FC8931229E60B90074C3D6 /* Frameworks */,
			);
			sourceTree = "<group>";
		};
		OBJ_7 /* Sources */ = {
			isa = PBXGroup;
			children = (
				43CA1BE522A4EF2200CEF20A /* PictionSDK */,
				43CA1C0322A4EF2300CEF20A /* RxPictionSDK */,
			);
			path = Sources;
			sourceTree = SOURCE_ROOT;
		};
/* End PBXGroup section */

/* Begin PBXNativeTarget section */
		43CA1C9D22A4F6BF00CEF20A /* RxPictionSDK */ = {
			isa = PBXNativeTarget;
			buildConfigurationList = 43CA1CBD22A4F6BF00CEF20A /* Build configuration list for PBXNativeTarget "RxPictionSDK" */;
			buildPhases = (
				43CA1C9E22A4F6BF00CEF20A /* Sources */,
				43CA1CB422A4F6BF00CEF20A /* Frameworks */,
			);
			buildRules = (
			);
			dependencies = (
			);
			name = RxPictionSDK;
			productName = PictionSDK;
			productReference = 43CA1CC022A4F6BF00CEF20A /* RxPictionSDK.framework */;
			productType = "com.apple.product-type.framework";
		};
		43CA1CF822A759DC00CEF20A /* PictionSDKLocal */ = {
			isa = PBXNativeTarget;
			buildConfigurationList = 43CA1D1822A759DC00CEF20A /* Build configuration list for PBXNativeTarget "PictionSDKLocal" */;
			buildPhases = (
				43CA1CF922A759DC00CEF20A /* Sources */,
				43CA1D0F22A759DC00CEF20A /* Frameworks */,
				43CA1D3E22A76F3B00CEF20A /* ShellScript */,
			);
			buildRules = (
			);
			dependencies = (
			);
			name = PictionSDKLocal;
			productName = PictionSDK;
			productReference = 43CA1D1B22A759DC00CEF20A /* PictionSDK.framework */;
			productType = "com.apple.product-type.framework";
		};
		"PictionSDK::PictionSDK" /* PictionSDK */ = {
			isa = PBXNativeTarget;
			buildConfigurationList = OBJ_260 /* Build configuration list for PBXNativeTarget "PictionSDK" */;
			buildPhases = (
				OBJ_263 /* Sources */,
				OBJ_281 /* Frameworks */,
			);
			buildRules = (
			);
			dependencies = (
			);
			name = PictionSDK;
			productName = PictionSDK;
			productReference = "PictionSDK::PictionSDK::Product" /* PictionSDK.framework */;
			productType = "com.apple.product-type.framework";
		};
		"PictionSDK::PictionSDKTests" /* PictionSDKTests */ = {
			isa = PBXNativeTarget;
			buildConfigurationList = OBJ_306 /* Build configuration list for PBXNativeTarget "PictionSDKTests" */;
			buildPhases = (
				OBJ_309 /* Sources */,
				OBJ_312 /* Frameworks */,
			);
			buildRules = (
			);
			dependencies = (
				OBJ_320 /* PBXTargetDependency */,
			);
			name = PictionSDKTests;
			productName = PictionSDKTests;
			productReference = "PictionSDK::PictionSDKTests::Product" /* PictionSDKTests.xctest */;
			productType = "com.apple.product-type.bundle.unit-test";
		};
		"PictionSDK::SwiftPMPackageDescription" /* PictionSDKPackageDescription */ = {
			isa = PBXNativeTarget;
			buildConfigurationList = OBJ_295 /* Build configuration list for PBXNativeTarget "PictionSDKPackageDescription" */;
			buildPhases = (
				OBJ_298 /* Sources */,
			);
			buildRules = (
			);
			dependencies = (
			);
			name = PictionSDKPackageDescription;
			productName = PictionSDKPackageDescription;
			productType = "com.apple.product-type.framework";
		};
/* End PBXNativeTarget section */

/* Begin PBXProject section */
		OBJ_1 /* Project object */ = {
			isa = PBXProject;
			attributes = {
				LastSwiftMigration = 9999;
				LastUpgradeCheck = 9999;
			};
			buildConfigurationList = OBJ_2 /* Build configuration list for PBXProject "PictionSDK" */;
			compatibilityVersion = "Xcode 3.2";
			developmentRegion = English;
			hasScannedForEncodings = 0;
			knownRegions = (
				English,
				en,
			);
			mainGroup = OBJ_5;
			productRefGroup = OBJ_117 /* Products */;
			projectDirPath = "";
			projectRoot = "";
			targets = (
				"PictionSDK::PictionSDK" /* PictionSDK */,
				43CA1C9D22A4F6BF00CEF20A /* RxPictionSDK */,
				43CA1CF822A759DC00CEF20A /* PictionSDKLocal */,
				"PictionSDK::SwiftPMPackageDescription" /* PictionSDKPackageDescription */,
				"PictionSDK::PictionSDKPackageTests::ProductTarget" /* PictionSDKPackageTests */,
				"PictionSDK::PictionSDKTests" /* PictionSDKTests */,
			);
		};
/* End PBXProject section */

/* Begin PBXShellScriptBuildPhase section */
		43CA1D3E22A76F3B00CEF20A /* ShellScript */ = {
			isa = PBXShellScriptBuildPhase;
			buildActionMask = 2147483647;
			files = (
			);
			inputFileListPaths = (
			);
			inputPaths = (
			);
			outputFileListPaths = (
			);
			outputPaths = (
			);
			runOnlyForDeploymentPostprocessing = 0;
			shellPath = /bin/sh;
			shellScript = "cp -R ${BUILT_PRODUCTS_DIR}/${TARGET_NAME}.framework ${SRCROOT}/Demo/Piction-SDK-iOS-Example/Frameworks/\n";
		};
/* End PBXShellScriptBuildPhase section */

/* Begin PBXSourcesBuildPhase section */
		43CA1C9E22A4F6BF00CEF20A /* Sources */ = {
			isa = PBXSourcesBuildPhase;
			buildActionMask = 0;
			files = (
				43CA1CC522A4F6F900CEF20A /* PictionSDK+Rx.swift in Sources */,
			);
			runOnlyForDeploymentPostprocessing = 0;
		};
		43CA1CF922A759DC00CEF20A /* Sources */ = {
			isa = PBXSourcesBuildPhase;
			buildActionMask = 0;
			files = (
				43CA1D1F22A75A2200CEF20A /* PictionSDK+Rx.swift in Sources */,
				4329EB9422B1D83B00D01916 /* PostViewResponse.swift in Sources */,
				43CA1CFA22A759DC00CEF20A /* PictionManager.swift in Sources */,
				432CAC2822B33F380007EE03 /* SeriesAPI.swift in Sources */,
				43CA221822B0A37600CEF20A /* TransactionViewResponse.swift in Sources */,
				43CA1CFB22A759DC00CEF20A /* Request.swift in Sources */,
				4329EBB622B1E3A900D01916 /* Posts.swift in Sources */,
				432CAC2B22B33FBE0007EE03 /* SeriesViewResponse.swift in Sources */,
				432CAC0F22B32A2F0007EE03 /* My.swift in Sources */,
				43CA1CFC22A759DC00CEF20A /* StorageAttachmentViewResponse.swift in Sources */,
				43CA1CFD22A759DC00CEF20A /* AuthenticationViewResponse.swift in Sources */,
				43CA1CFE22A759DC00CEF20A /* MoyaResponseExtension.swift in Sources */,
				432CAC4D22B37B730007EE03 /* DefaultResponse.swift in Sources */,
				43CA1CFF22A759DC00CEF20A /* UserViewResponse.swift in Sources */,
				43CA1D0022A759DC00CEF20A /* Sessions.swift in Sources */,
				43CA1D0122A759DC00CEF20A /* SessionsAPI.swift in Sources */,
				43CA1D0222A759DC00CEF20A /* PictionSDK.swift in Sources */,
				43CA1D0322A759DC00CEF20A /* WalletViewResponse.swift in Sources */,
				43CA1D0422A759DC00CEF20A /* ErrorType.swift in Sources */,
				4329EB9122B1D76B00D01916 /* PostsAPI.swift in Sources */,
				43CA1D0522A759DC00CEF20A /* ServerInfo.swift in Sources */,
				43CA1D0622A759DC00CEF20A /* Response.swift in Sources */,
				43CA1D0722A759DC00CEF20A /* Users.swift in Sources */,
				43CA1D0822A759DC00CEF20A /* TargetTypeExtension.swift in Sources */,
				43CA1D0922A759DC00CEF20A /* UsersAPI.swift in Sources */,
				432CAC0C22B328630007EE03 /* MyAPI.swift in Sources */,
				432CAC2522B33F2D0007EE03 /* Series.swift in Sources */,
				43CA1D0A22A759DC00CEF20A /* ProjectsAPI.swift in Sources */,
				43CA1D0B22A759DC00CEF20A /* ErrorModel.swift in Sources */,
				4329EB9722B1DBF800D01916 /* PageViewResponse.swift in Sources */,
				43CA1D0C22A759DC00CEF20A /* ProjectViewResponse.swift in Sources */,
				43CA1D0E22A759DC00CEF20A /* Projects.swift in Sources */,
			);
			runOnlyForDeploymentPostprocessing = 0;
		};
		OBJ_263 /* Sources */ = {
			isa = PBXSourcesBuildPhase;
			buildActionMask = 0;
			files = (
				43CA1C1522A4EF2300CEF20A /* PictionManager.swift in Sources */,
				43CA1C1722A4EF2300CEF20A /* Request.swift in Sources */,
				43CA1C0822A4EF2300CEF20A /* StorageAttachmentViewResponse.swift in Sources */,
				43CA1C0922A4EF2300CEF20A /* AuthenticationViewResponse.swift in Sources */,
				432CAC4C22B37B730007EE03 /* DefaultResponse.swift in Sources */,
				4329EB9322B1D83B00D01916 /* PostViewResponse.swift in Sources */,
				43CA1C0422A4EF2300CEF20A /* MoyaResponseExtension.swift in Sources */,
				43CA1C0722A4EF2300CEF20A /* UserViewResponse.swift in Sources */,
				4329EBB522B1E3A900D01916 /* Posts.swift in Sources */,
				43CA1C0F22A4EF2300CEF20A /* Sessions.swift in Sources */,
				432CAC2722B33F380007EE03 /* SeriesAPI.swift in Sources */,
				43CA1C1322A4EF2300CEF20A /* SessionsAPI.swift in Sources */,
				43CA1C1422A4EF2300CEF20A /* PictionSDK.swift in Sources */,
				43CA1C0B22A4EF2300CEF20A /* WalletViewResponse.swift in Sources */,
				43CA1C1822A4EF2300CEF20A /* ErrorType.swift in Sources */,
				43CA1C0622A4EF2300CEF20A /* ServerInfo.swift in Sources */,
				43CA1C1622A4EF2300CEF20A /* Response.swift in Sources */,
				43CA221722B0A11F00CEF20A /* TransactionViewResponse.swift in Sources */,
				432CAC0E22B32A2F0007EE03 /* My.swift in Sources */,
				4329EB9022B1D76B00D01916 /* PostsAPI.swift in Sources */,
				4329EB9622B1DBF800D01916 /* PageViewResponse.swift in Sources */,
				43CA1C0E22A4EF2300CEF20A /* Users.swift in Sources */,
				432CAC0B22B328630007EE03 /* MyAPI.swift in Sources */,
				432CAC2422B33F2D0007EE03 /* Series.swift in Sources */,
				43CA1C0522A4EF2300CEF20A /* TargetTypeExtension.swift in Sources */,
				43CA1C1122A4EF2300CEF20A /* UsersAPI.swift in Sources */,
				43CA1C1222A4EF2300CEF20A /* ProjectsAPI.swift in Sources */,
				432CAC2A22B33FBE0007EE03 /* SeriesViewResponse.swift in Sources */,
				43CA1C0D22A4EF2300CEF20A /* ErrorModel.swift in Sources */,
				43CA1C0A22A4EF2300CEF20A /* ProjectViewResponse.swift in Sources */,
				43CA1C1022A4EF2300CEF20A /* Projects.swift in Sources */,
			);
			runOnlyForDeploymentPostprocessing = 0;
		};
		OBJ_298 /* Sources */ = {
			isa = PBXSourcesBuildPhase;
			buildActionMask = 0;
			files = (
				OBJ_299 /* Package.swift in Sources */,
			);
			runOnlyForDeploymentPostprocessing = 0;
		};
		OBJ_309 /* Sources */ = {
			isa = PBXSourcesBuildPhase;
			buildActionMask = 0;
			files = (
				OBJ_310 /* PictionSDKTests.swift in Sources */,
				OBJ_311 /* XCTestManifests.swift in Sources */,
			);
			runOnlyForDeploymentPostprocessing = 0;
		};
/* End PBXSourcesBuildPhase section */

/* Begin PBXTargetDependency section */
		OBJ_304 /* PBXTargetDependency */ = {
			isa = PBXTargetDependency;
			target = "PictionSDK::PictionSDKTests" /* PictionSDKTests */;
			targetProxy = 43FC88F5229D3A3A0074C3D6 /* PBXContainerItemProxy */;
		};
		OBJ_320 /* PBXTargetDependency */ = {
			isa = PBXTargetDependency;
			target = "PictionSDK::PictionSDK" /* PictionSDK */;
			targetProxy = 43FC88EE229D3A370074C3D6 /* PBXContainerItemProxy */;
		};
/* End PBXTargetDependency section */

/* Begin XCBuildConfiguration section */
		43CA1CBE22A4F6BF00CEF20A /* Debug */ = {
			isa = XCBuildConfiguration;
			buildSettings = {
				ENABLE_TESTABILITY = YES;
				FRAMEWORK_SEARCH_PATHS = "$(PROJECT_DIR)/Carthage/Build/iOS";
				"FRAMEWORK_SEARCH_PATHS[sdk=iphoneos*]" = (
					"$(inherited)",
					"$(SRCROOT)/Carthage/Build/iOS/",
				);
				HEADER_SEARCH_PATHS = "$(inherited)";
				INFOPLIST_FILE = PictionSDK.xcodeproj/RxPictionSDK_Info.plist;
				IPHONEOS_DEPLOYMENT_TARGET = 8.0;
				LD_RUNPATH_SEARCH_PATHS = "$(inherited) @loader_path/Frameworks @executable_path/Frameworks";
				MACOSX_DEPLOYMENT_TARGET = 10.10;
				OTHER_CFLAGS = "$(inherited)";
				OTHER_LDFLAGS = "$(inherited)";
				OTHER_SWIFT_FLAGS = "$(inherited)";
				PRODUCT_BUNDLE_IDENTIFIER = RxPictionSDK;
				PRODUCT_MODULE_NAME = "$(TARGET_NAME:c99extidentifier)";
				PRODUCT_NAME = "$(TARGET_NAME)";
				SDKROOT = iphoneos;
				SKIP_INSTALL = YES;
				SUPPORTED_PLATFORMS = "iphonesimulator iphoneos";
				SWIFT_ACTIVE_COMPILATION_CONDITIONS = "$(inherited)";
				SWIFT_VERSION = 5.0;
				TARGET_NAME = RxPictionSDK;
				TVOS_DEPLOYMENT_TARGET = 9.0;
				WATCHOS_DEPLOYMENT_TARGET = 2.0;
			};
			name = Debug;
		};
		43CA1CBF22A4F6BF00CEF20A /* Release */ = {
			isa = XCBuildConfiguration;
			buildSettings = {
				ENABLE_TESTABILITY = YES;
				FRAMEWORK_SEARCH_PATHS = "$(PROJECT_DIR)/Carthage/Build/iOS";
				"FRAMEWORK_SEARCH_PATHS[sdk=iphoneos*]" = (
					"$(inherited)",
					"$(SRCROOT)/Carthage/Build/iOS/",
				);
				HEADER_SEARCH_PATHS = "$(inherited)";
				INFOPLIST_FILE = PictionSDK.xcodeproj/RxPictionSDK_Info.plist;
				IPHONEOS_DEPLOYMENT_TARGET = 8.0;
				LD_RUNPATH_SEARCH_PATHS = "$(inherited) @loader_path/Frameworks @executable_path/Frameworks";
				MACOSX_DEPLOYMENT_TARGET = 10.10;
				OTHER_CFLAGS = "$(inherited)";
				OTHER_LDFLAGS = "$(inherited)";
				OTHER_SWIFT_FLAGS = "$(inherited)";
				PRODUCT_BUNDLE_IDENTIFIER = RxPictionSDK;
				PRODUCT_MODULE_NAME = "$(TARGET_NAME:c99extidentifier)";
				PRODUCT_NAME = "$(TARGET_NAME)";
				SDKROOT = iphoneos;
				SKIP_INSTALL = YES;
				SUPPORTED_PLATFORMS = "iphonesimulator iphoneos";
				SWIFT_ACTIVE_COMPILATION_CONDITIONS = "$(inherited)";
				SWIFT_VERSION = 5.0;
				TARGET_NAME = RxPictionSDK;
				TVOS_DEPLOYMENT_TARGET = 9.0;
				WATCHOS_DEPLOYMENT_TARGET = 2.0;
			};
			name = Release;
		};
		43CA1D1922A759DC00CEF20A /* Debug */ = {
			isa = XCBuildConfiguration;
			buildSettings = {
				ENABLE_TESTABILITY = YES;
				FRAMEWORK_SEARCH_PATHS = "$(PROJECT_DIR)/Carthage/Build/iOS";
				"FRAMEWORK_SEARCH_PATHS[sdk=iphoneos*]" = (
					"$(inherited)",
					"$(SRCROOT)/Carthage/Build/iOS/",
				);
				HEADER_SEARCH_PATHS = "$(inherited)";
				INFOPLIST_FILE = PictionSDK.xcodeproj/PictionSDKLocal_Info.plist;
				IPHONEOS_DEPLOYMENT_TARGET = 8.0;
				LD_RUNPATH_SEARCH_PATHS = "$(inherited) @loader_path/Frameworks @executable_path/Frameworks";
				MACOSX_DEPLOYMENT_TARGET = 10.10;
				OTHER_CFLAGS = "$(inherited)";
				OTHER_LDFLAGS = "$(inherited)";
				OTHER_SWIFT_FLAGS = "$(inherited)";
				PRODUCT_BUNDLE_IDENTIFIER = PictionSDK;
				PRODUCT_MODULE_NAME = "$(TARGET_NAME:c99extidentifier)";
				PRODUCT_NAME = "$(TARGET_NAME)";
				SDKROOT = iphoneos;
				SKIP_INSTALL = YES;
				SUPPORTED_PLATFORMS = "iphonesimulator iphoneos";
				SWIFT_ACTIVE_COMPILATION_CONDITIONS = "$(inherited)";
				SWIFT_VERSION = 5.0;
				TARGET_NAME = PictionSDK;
				TVOS_DEPLOYMENT_TARGET = 9.0;
				WATCHOS_DEPLOYMENT_TARGET = 2.0;
			};
			name = Debug;
		};
		43CA1D1A22A759DC00CEF20A /* Release */ = {
			isa = XCBuildConfiguration;
			buildSettings = {
				ENABLE_TESTABILITY = YES;
				FRAMEWORK_SEARCH_PATHS = "$(PROJECT_DIR)/Carthage/Build/iOS";
				"FRAMEWORK_SEARCH_PATHS[sdk=iphoneos*]" = (
					"$(inherited)",
					"$(SRCROOT)/Carthage/Build/iOS/",
				);
				HEADER_SEARCH_PATHS = "$(inherited)";
				INFOPLIST_FILE = PictionSDK.xcodeproj/PictionSDKLocal_Info.plist;
				IPHONEOS_DEPLOYMENT_TARGET = 8.0;
				LD_RUNPATH_SEARCH_PATHS = "$(inherited) @loader_path/Frameworks @executable_path/Frameworks";
				MACOSX_DEPLOYMENT_TARGET = 10.10;
				OTHER_CFLAGS = "$(inherited)";
				OTHER_LDFLAGS = "$(inherited)";
				OTHER_SWIFT_FLAGS = "$(inherited)";
				PRODUCT_BUNDLE_IDENTIFIER = PictionSDK;
				PRODUCT_MODULE_NAME = "$(TARGET_NAME:c99extidentifier)";
				PRODUCT_NAME = "$(TARGET_NAME)";
				SDKROOT = iphoneos;
				SKIP_INSTALL = YES;
				SUPPORTED_PLATFORMS = "iphonesimulator iphoneos";
				SWIFT_ACTIVE_COMPILATION_CONDITIONS = "$(inherited)";
				SWIFT_VERSION = 5.0;
				TARGET_NAME = PictionSDK;
				TVOS_DEPLOYMENT_TARGET = 9.0;
				WATCHOS_DEPLOYMENT_TARGET = 2.0;
			};
			name = Release;
		};
		OBJ_261 /* Debug */ = {
			isa = XCBuildConfiguration;
			buildSettings = {
				ENABLE_TESTABILITY = YES;
				FRAMEWORK_SEARCH_PATHS = "$(PROJECT_DIR)/Carthage/Build/iOS";
				"FRAMEWORK_SEARCH_PATHS[sdk=iphoneos*]" = (
					"$(inherited)",
					"$(SRCROOT)/Carthage/Build/iOS/",
				);
				HEADER_SEARCH_PATHS = "$(inherited)";
				INFOPLIST_FILE = PictionSDK.xcodeproj/PictionSDK_Info.plist;
				IPHONEOS_DEPLOYMENT_TARGET = 8.0;
				LD_RUNPATH_SEARCH_PATHS = "$(inherited) @loader_path/Frameworks @executable_path/Frameworks";
				MACOSX_DEPLOYMENT_TARGET = 10.10;
				OTHER_CFLAGS = "$(inherited)";
				OTHER_LDFLAGS = "$(inherited)";
				OTHER_SWIFT_FLAGS = "$(inherited)";
				PRODUCT_BUNDLE_IDENTIFIER = PictionSDK;
				PRODUCT_MODULE_NAME = "$(TARGET_NAME:c99extidentifier)";
				PRODUCT_NAME = "$(TARGET_NAME:c99extidentifier)";
				SDKROOT = iphoneos;
				SKIP_INSTALL = YES;
				SUPPORTED_PLATFORMS = "iphonesimulator iphoneos";
				SWIFT_ACTIVE_COMPILATION_CONDITIONS = "$(inherited)";
				SWIFT_VERSION = 5.0;
				TARGET_NAME = PictionSDK;
				TVOS_DEPLOYMENT_TARGET = 9.0;
				WATCHOS_DEPLOYMENT_TARGET = 2.0;
			};
			name = Debug;
		};
		OBJ_262 /* Release */ = {
			isa = XCBuildConfiguration;
			buildSettings = {
				ENABLE_TESTABILITY = YES;
				FRAMEWORK_SEARCH_PATHS = "$(PROJECT_DIR)/Carthage/Build/iOS";
				"FRAMEWORK_SEARCH_PATHS[sdk=iphoneos*]" = (
					"$(inherited)",
					"$(SRCROOT)/Carthage/Build/iOS/",
				);
				HEADER_SEARCH_PATHS = "$(inherited)";
				INFOPLIST_FILE = PictionSDK.xcodeproj/PictionSDK_Info.plist;
				IPHONEOS_DEPLOYMENT_TARGET = 8.0;
				LD_RUNPATH_SEARCH_PATHS = "$(inherited) @loader_path/Frameworks @executable_path/Frameworks";
				MACOSX_DEPLOYMENT_TARGET = 10.10;
				OTHER_CFLAGS = "$(inherited)";
				OTHER_LDFLAGS = "$(inherited)";
				OTHER_SWIFT_FLAGS = "$(inherited)";
				PRODUCT_BUNDLE_IDENTIFIER = PictionSDK;
				PRODUCT_MODULE_NAME = "$(TARGET_NAME:c99extidentifier)";
				PRODUCT_NAME = "$(TARGET_NAME:c99extidentifier)";
				SDKROOT = iphoneos;
				SKIP_INSTALL = YES;
				SUPPORTED_PLATFORMS = "iphonesimulator iphoneos";
				SWIFT_ACTIVE_COMPILATION_CONDITIONS = "$(inherited)";
				SWIFT_VERSION = 5.0;
				TARGET_NAME = PictionSDK;
				TVOS_DEPLOYMENT_TARGET = 9.0;
				WATCHOS_DEPLOYMENT_TARGET = 2.0;
			};
			name = Release;
		};
		OBJ_296 /* Debug */ = {
			isa = XCBuildConfiguration;
			buildSettings = {
				LD = /usr/bin/true;
				OTHER_SWIFT_FLAGS = "-swift-version 5 -I $(TOOLCHAIN_DIR)/usr/lib/swift/pm/4_2 -target x86_64-apple-macosx10.10 -sdk /Applications/Xcode.app/Contents/Developer/Platforms/MacOSX.platform/Developer/SDKs/MacOSX10.14.sdk";
				SWIFT_VERSION = 5.0;
			};
			name = Debug;
		};
		OBJ_297 /* Release */ = {
			isa = XCBuildConfiguration;
			buildSettings = {
				LD = /usr/bin/true;
				OTHER_SWIFT_FLAGS = "-swift-version 5 -I $(TOOLCHAIN_DIR)/usr/lib/swift/pm/4_2 -target x86_64-apple-macosx10.10 -sdk /Applications/Xcode.app/Contents/Developer/Platforms/MacOSX.platform/Developer/SDKs/MacOSX10.14.sdk";
				SWIFT_VERSION = 5.0;
			};
			name = Release;
		};
		OBJ_3 /* Debug */ = {
			isa = XCBuildConfiguration;
			buildSettings = {
				CLANG_ENABLE_OBJC_ARC = YES;
				COMBINE_HIDPI_IMAGES = YES;
				COPY_PHASE_STRIP = NO;
				DEBUG_INFORMATION_FORMAT = dwarf;
				DYLIB_INSTALL_NAME_BASE = "@rpath";
				ENABLE_NS_ASSERTIONS = YES;
				GCC_OPTIMIZATION_LEVEL = 0;
				GCC_PREPROCESSOR_DEFINITIONS = (
					"$(inherited)",
					"SWIFT_PACKAGE=1",
					"DEBUG=1",
				);
				MACOSX_DEPLOYMENT_TARGET = 10.10;
				ONLY_ACTIVE_ARCH = YES;
				OTHER_SWIFT_FLAGS = "-DXcode";
				PRODUCT_NAME = "$(TARGET_NAME)";
				SDKROOT = macosx;
				SUPPORTED_PLATFORMS = "macosx iphoneos iphonesimulator appletvos appletvsimulator watchos watchsimulator";
				SWIFT_ACTIVE_COMPILATION_CONDITIONS = "$(inherited) SWIFT_PACKAGE DEBUG";
				SWIFT_OPTIMIZATION_LEVEL = "-Onone";
				USE_HEADERMAP = NO;
			};
			name = Debug;
		};
		OBJ_302 /* Debug */ = {
			isa = XCBuildConfiguration;
			buildSettings = {
			};
			name = Debug;
		};
		OBJ_303 /* Release */ = {
			isa = XCBuildConfiguration;
			buildSettings = {
			};
			name = Release;
		};
		OBJ_307 /* Debug */ = {
			isa = XCBuildConfiguration;
			buildSettings = {
				CLANG_ENABLE_MODULES = YES;
				EMBEDDED_CONTENT_CONTAINS_SWIFT = YES;
				FRAMEWORK_SEARCH_PATHS = (
					"$(inherited)",
					"$(PLATFORM_DIR)/Developer/Library/Frameworks",
				);
				HEADER_SEARCH_PATHS = "$(inherited)";
				INFOPLIST_FILE = PictionSDK.xcodeproj/PictionSDKTests_Info.plist;
				IPHONEOS_DEPLOYMENT_TARGET = 8.0;
				LD_RUNPATH_SEARCH_PATHS = "$(inherited) @loader_path/../Frameworks @loader_path/Frameworks";
				MACOSX_DEPLOYMENT_TARGET = 10.10;
				OTHER_CFLAGS = "$(inherited)";
				OTHER_LDFLAGS = "$(inherited)";
				OTHER_SWIFT_FLAGS = "$(inherited)";
				SWIFT_ACTIVE_COMPILATION_CONDITIONS = "$(inherited)";
				SWIFT_VERSION = 5.0;
				TARGET_NAME = PictionSDKTests;
				TVOS_DEPLOYMENT_TARGET = 9.0;
				WATCHOS_DEPLOYMENT_TARGET = 2.0;
			};
			name = Debug;
		};
		OBJ_308 /* Release */ = {
			isa = XCBuildConfiguration;
			buildSettings = {
				CLANG_ENABLE_MODULES = YES;
				EMBEDDED_CONTENT_CONTAINS_SWIFT = YES;
				FRAMEWORK_SEARCH_PATHS = (
					"$(inherited)",
					"$(PLATFORM_DIR)/Developer/Library/Frameworks",
				);
				HEADER_SEARCH_PATHS = "$(inherited)";
				INFOPLIST_FILE = PictionSDK.xcodeproj/PictionSDKTests_Info.plist;
				IPHONEOS_DEPLOYMENT_TARGET = 8.0;
				LD_RUNPATH_SEARCH_PATHS = "$(inherited) @loader_path/../Frameworks @loader_path/Frameworks";
				MACOSX_DEPLOYMENT_TARGET = 10.10;
				OTHER_CFLAGS = "$(inherited)";
				OTHER_LDFLAGS = "$(inherited)";
				OTHER_SWIFT_FLAGS = "$(inherited)";
				SWIFT_ACTIVE_COMPILATION_CONDITIONS = "$(inherited)";
				SWIFT_VERSION = 5.0;
				TARGET_NAME = PictionSDKTests;
				TVOS_DEPLOYMENT_TARGET = 9.0;
				WATCHOS_DEPLOYMENT_TARGET = 2.0;
			};
			name = Release;
		};
		OBJ_4 /* Release */ = {
			isa = XCBuildConfiguration;
			buildSettings = {
				CLANG_ENABLE_OBJC_ARC = YES;
				COMBINE_HIDPI_IMAGES = YES;
				COPY_PHASE_STRIP = YES;
				DEBUG_INFORMATION_FORMAT = "dwarf-with-dsym";
				DYLIB_INSTALL_NAME_BASE = "@rpath";
				GCC_OPTIMIZATION_LEVEL = s;
				GCC_PREPROCESSOR_DEFINITIONS = (
					"$(inherited)",
					"SWIFT_PACKAGE=1",
				);
				MACOSX_DEPLOYMENT_TARGET = 10.10;
				OTHER_SWIFT_FLAGS = "-DXcode";
				PRODUCT_NAME = "$(TARGET_NAME)";
				SDKROOT = macosx;
				SUPPORTED_PLATFORMS = "macosx iphoneos iphonesimulator appletvos appletvsimulator watchos watchsimulator";
				SWIFT_ACTIVE_COMPILATION_CONDITIONS = "$(inherited) SWIFT_PACKAGE";
				SWIFT_OPTIMIZATION_LEVEL = "-Owholemodule";
				USE_HEADERMAP = NO;
			};
			name = Release;
		};
/* End XCBuildConfiguration section */

/* Begin XCConfigurationList section */
		43CA1CBD22A4F6BF00CEF20A /* Build configuration list for PBXNativeTarget "RxPictionSDK" */ = {
			isa = XCConfigurationList;
			buildConfigurations = (
				43CA1CBE22A4F6BF00CEF20A /* Debug */,
				43CA1CBF22A4F6BF00CEF20A /* Release */,
			);
			defaultConfigurationIsVisible = 0;
			defaultConfigurationName = Release;
		};
		43CA1D1822A759DC00CEF20A /* Build configuration list for PBXNativeTarget "PictionSDKLocal" */ = {
			isa = XCConfigurationList;
			buildConfigurations = (
				43CA1D1922A759DC00CEF20A /* Debug */,
				43CA1D1A22A759DC00CEF20A /* Release */,
			);
			defaultConfigurationIsVisible = 0;
			defaultConfigurationName = Release;
		};
		OBJ_2 /* Build configuration list for PBXProject "PictionSDK" */ = {
			isa = XCConfigurationList;
			buildConfigurations = (
				OBJ_3 /* Debug */,
				OBJ_4 /* Release */,
			);
			defaultConfigurationIsVisible = 0;
			defaultConfigurationName = Release;
		};
		OBJ_260 /* Build configuration list for PBXNativeTarget "PictionSDK" */ = {
			isa = XCConfigurationList;
			buildConfigurations = (
				OBJ_261 /* Debug */,
				OBJ_262 /* Release */,
			);
			defaultConfigurationIsVisible = 0;
			defaultConfigurationName = Release;
		};
		OBJ_295 /* Build configuration list for PBXNativeTarget "PictionSDKPackageDescription" */ = {
			isa = XCConfigurationList;
			buildConfigurations = (
				OBJ_296 /* Debug */,
				OBJ_297 /* Release */,
			);
			defaultConfigurationIsVisible = 0;
			defaultConfigurationName = Release;
		};
		OBJ_301 /* Build configuration list for PBXAggregateTarget "PictionSDKPackageTests" */ = {
			isa = XCConfigurationList;
			buildConfigurations = (
				OBJ_302 /* Debug */,
				OBJ_303 /* Release */,
			);
			defaultConfigurationIsVisible = 0;
			defaultConfigurationName = Release;
		};
		OBJ_306 /* Build configuration list for PBXNativeTarget "PictionSDKTests" */ = {
			isa = XCConfigurationList;
			buildConfigurations = (
				OBJ_307 /* Debug */,
				OBJ_308 /* Release */,
			);
			defaultConfigurationIsVisible = 0;
			defaultConfigurationName = Release;
		};
/* End XCConfigurationList section */
	};
	rootObject = OBJ_1 /* Project object */;
}
