// !$*UTF8*$!
{
	archiveVersion = 1;
	classes = {
	};
	objectVersion = 46;
	objects = {

/* Begin PBXAggregateTarget section */
		"PictionSDK::PictionSDKPackageTests::ProductTarget" /* PictionSDKPackageTests */ = {
			isa = PBXAggregateTarget;
			buildConfigurationList = OBJ_301 /* Build configuration list for PBXAggregateTarget "PictionSDKPackageTests" */;
			buildPhases = (
			);
			dependencies = (
				OBJ_304 /* PBXTargetDependency */,
			);
			name = PictionSDKPackageTests;
			productName = PictionSDKPackageTests;
		};
/* End PBXAggregateTarget section */

/* Begin PBXBuildFile section */
		430907CC23629537005EF5A2 /* SubscriptionUserModel.swift in Sources */ = {isa = PBXBuildFile; fileRef = 430907CB23629536005EF5A2 /* SubscriptionUserModel.swift */; };
		4319189C22D45D0A0005328E /* SearchAPI.swift in Sources */ = {isa = PBXBuildFile; fileRef = 4319189B22D45D0A0005328E /* SearchAPI.swift */; };
		431918A022D460CF0005328E /* Search.swift in Sources */ = {isa = PBXBuildFile; fileRef = 4319189F22D460CF0005328E /* Search.swift */; };
		431918FF22D585980005328E /* RecommendationAPI.swift in Sources */ = {isa = PBXBuildFile; fileRef = 431918FE22D585980005328E /* RecommendationAPI.swift */; };
		4319190322D585A60005328E /* Recommendation.swift in Sources */ = {isa = PBXBuildFile; fileRef = 4319190222D585A60005328E /* Recommendation.swift */; };
		4319190722D585EF0005328E /* RecommendProjectModel.swift in Sources */ = {isa = PBXBuildFile; fileRef = 4319190622D585EF0005328E /* RecommendProjectModel.swift */; };
		4319190B22D5DB5D0005328E /* BannersAPI.swift in Sources */ = {isa = PBXBuildFile; fileRef = 4319190A22D5DB5D0005328E /* BannersAPI.swift */; };
		4319190F22D5DD540005328E /* Banners.swift in Sources */ = {isa = PBXBuildFile; fileRef = 4319190E22D5DD540005328E /* Banners.swift */; };
		4319191322D5DDB10005328E /* BannerModel.swift in Sources */ = {isa = PBXBuildFile; fileRef = 4319191222D5DDB10005328E /* BannerModel.swift */; };
		4329EB9022B1D76B00D01916 /* PostsAPI.swift in Sources */ = {isa = PBXBuildFile; fileRef = 4329EB8F22B1D76B00D01916 /* PostsAPI.swift */; };
		4329EBB522B1E3A900D01916 /* Posts.swift in Sources */ = {isa = PBXBuildFile; fileRef = 4329EBB422B1E3A900D01916 /* Posts.swift */; };
		432A67A022BC681B009E51FF /* StorageAttachmentModel.swift in Sources */ = {isa = PBXBuildFile; fileRef = 432A679222BC681B009E51FF /* StorageAttachmentModel.swift */; };
		432A67A322BC681B009E51FF /* ProjectModel.swift in Sources */ = {isa = PBXBuildFile; fileRef = 432A679322BC681B009E51FF /* ProjectModel.swift */; };
		432A67A622BC681B009E51FF /* TransactionModel.swift in Sources */ = {isa = PBXBuildFile; fileRef = 432A679422BC681B009E51FF /* TransactionModel.swift */; };
		432A67A922BC681B009E51FF /* WalletModel.swift in Sources */ = {isa = PBXBuildFile; fileRef = 432A679522BC681B009E51FF /* WalletModel.swift */; };
		432A67AC22BC681B009E51FF /* AuthenticationModel.swift in Sources */ = {isa = PBXBuildFile; fileRef = 432A679622BC681B009E51FF /* AuthenticationModel.swift */; };
		432A67AF22BC681B009E51FF /* SubscriptionModel.swift in Sources */ = {isa = PBXBuildFile; fileRef = 432A679722BC681B009E51FF /* SubscriptionModel.swift */; };
		432A67B222BC681B009E51FF /* PageModel.swift in Sources */ = {isa = PBXBuildFile; fileRef = 432A679822BC681B009E51FF /* PageModel.swift */; };
		432A67B522BC681B009E51FF /* SalesModel.swift in Sources */ = {isa = PBXBuildFile; fileRef = 432A679922BC681B009E51FF /* SalesModel.swift */; };
		432A67B822BC681B009E51FF /* PostModel.swift in Sources */ = {isa = PBXBuildFile; fileRef = 432A679A22BC681B009E51FF /* PostModel.swift */; };
		432A67BB22BC681B009E51FF /* UserModel.swift in Sources */ = {isa = PBXBuildFile; fileRef = 432A679B22BC681B009E51FF /* UserModel.swift */; };
		432A67BE22BC681B009E51FF /* DefaultModel.swift in Sources */ = {isa = PBXBuildFile; fileRef = 432A679C22BC681B009E51FF /* DefaultModel.swift */; };
		432A67C422BC681B009E51FF /* ErrorModel.swift in Sources */ = {isa = PBXBuildFile; fileRef = 432A679E22BC681B009E51FF /* ErrorModel.swift */; };
		432A67C722BC681B009E51FF /* SeriesModel.swift in Sources */ = {isa = PBXBuildFile; fileRef = 432A679F22BC681B009E51FF /* SeriesModel.swift */; };
		432A67CB22BC7B7C009E51FF /* DateExtension.swift in Sources */ = {isa = PBXBuildFile; fileRef = 432A67CA22BC7B7C009E51FF /* DateExtension.swift */; };
		432BB2E922E95DAF006E9D5C /* PictionSDK.framework in Frameworks */ = {isa = PBXBuildFile; fileRef = "PictionSDK::PictionSDK::Product" /* PictionSDK.framework */; };
		432CAC0B22B328630007EE03 /* MyAPI.swift in Sources */ = {isa = PBXBuildFile; fileRef = 432CAC0A22B328630007EE03 /* MyAPI.swift */; };
		432CAC0E22B32A2F0007EE03 /* My.swift in Sources */ = {isa = PBXBuildFile; fileRef = 432CAC0D22B32A2F0007EE03 /* My.swift */; };
		432CAC2422B33F2D0007EE03 /* Series.swift in Sources */ = {isa = PBXBuildFile; fileRef = 432CAC2322B33F2D0007EE03 /* Series.swift */; };
		432CAC2722B33F380007EE03 /* SeriesAPI.swift in Sources */ = {isa = PBXBuildFile; fileRef = 432CAC2622B33F380007EE03 /* SeriesAPI.swift */; };
		432CAC7222B725410007EE03 /* Response.swift in Sources */ = {isa = PBXBuildFile; fileRef = 432CAC7122B725410007EE03 /* Response.swift */; };
		436881F422E6F1C800DB42B6 /* Alamofire.framework in Frameworks */ = {isa = PBXBuildFile; fileRef = 436881B022E6E48800DB42B6 /* Alamofire.framework */; };
		436881F622E6F1C800DB42B6 /* KeychainAccess.framework in Frameworks */ = {isa = PBXBuildFile; fileRef = 436881A422E6E48700DB42B6 /* KeychainAccess.framework */; };
		436881F722E6F1C800DB42B6 /* Mapper.framework in Frameworks */ = {isa = PBXBuildFile; fileRef = 436881A222E6E48700DB42B6 /* Mapper.framework */; };
		436881FA22E6F1F500DB42B6 /* Result.framework in Frameworks */ = {isa = PBXBuildFile; fileRef = 436881AC22E6E48800DB42B6 /* Result.framework */; };
		436C759E2386846C00902F08 /* FeesModel.swift in Sources */ = {isa = PBXBuildFile; fileRef = 436C759D2386846C00902F08 /* FeesModel.swift */; };
		43C5C9472383DA53004BACFC /* TransactionSubscriptionModel.swift in Sources */ = {isa = PBXBuildFile; fileRef = 43C5C9462383DA53004BACFC /* TransactionSubscriptionModel.swift */; };
		43C5C9492383DA83004BACFC /* TransactionSponsorshipModel.swift in Sources */ = {isa = PBXBuildFile; fileRef = 43C5C9482383DA83004BACFC /* TransactionSponsorshipModel.swift */; };
		43CA1C0422A4EF2300CEF20A /* MoyaResponseExtension.swift in Sources */ = {isa = PBXBuildFile; fileRef = 43CA1BE722A4EF2200CEF20A /* MoyaResponseExtension.swift */; };
		43CA1C0522A4EF2300CEF20A /* TargetTypeExtension.swift in Sources */ = {isa = PBXBuildFile; fileRef = 43CA1BE822A4EF2200CEF20A /* TargetTypeExtension.swift */; };
		43CA1C0622A4EF2300CEF20A /* ServerInfo.swift in Sources */ = {isa = PBXBuildFile; fileRef = 43CA1BEA22A4EF2200CEF20A /* ServerInfo.swift */; };
		43CA1C0E22A4EF2300CEF20A /* Users.swift in Sources */ = {isa = PBXBuildFile; fileRef = 43CA1BF622A4EF2200CEF20A /* Users.swift */; };
		43CA1C0F22A4EF2300CEF20A /* Sessions.swift in Sources */ = {isa = PBXBuildFile; fileRef = 43CA1BF722A4EF2200CEF20A /* Sessions.swift */; };
		43CA1C1022A4EF2300CEF20A /* Projects.swift in Sources */ = {isa = PBXBuildFile; fileRef = 43CA1BF822A4EF2200CEF20A /* Projects.swift */; };
		43CA1C1122A4EF2300CEF20A /* UsersAPI.swift in Sources */ = {isa = PBXBuildFile; fileRef = 43CA1BFA22A4EF2200CEF20A /* UsersAPI.swift */; };
		43CA1C1222A4EF2300CEF20A /* ProjectsAPI.swift in Sources */ = {isa = PBXBuildFile; fileRef = 43CA1BFB22A4EF2200CEF20A /* ProjectsAPI.swift */; };
		43CA1C1322A4EF2300CEF20A /* SessionsAPI.swift in Sources */ = {isa = PBXBuildFile; fileRef = 43CA1BFC22A4EF2200CEF20A /* SessionsAPI.swift */; };
		43CA1C1422A4EF2300CEF20A /* PictionSDK.swift in Sources */ = {isa = PBXBuildFile; fileRef = 43CA1BFD22A4EF2200CEF20A /* PictionSDK.swift */; };
		43CA1C1522A4EF2300CEF20A /* PictionManager.swift in Sources */ = {isa = PBXBuildFile; fileRef = 43CA1BFF22A4EF2200CEF20A /* PictionManager.swift */; };
		43CA1C1722A4EF2300CEF20A /* Request.swift in Sources */ = {isa = PBXBuildFile; fileRef = 43CA1C0122A4EF2200CEF20A /* Request.swift */; };
		43CA1C1822A4EF2300CEF20A /* ErrorType.swift in Sources */ = {isa = PBXBuildFile; fileRef = 43CA1C0222A4EF2200CEF20A /* ErrorType.swift */; };
		43CA1CC522A4F6F900CEF20A /* PictionSDK+Rx.swift in Sources */ = {isa = PBXBuildFile; fileRef = 43CA1CC322A4F6F900CEF20A /* PictionSDK+Rx.swift */; };
		43CD77D4232F341600AC5F07 /* PostIndexModel.swift in Sources */ = {isa = PBXBuildFile; fileRef = 43CD77D3232F341600AC5F07 /* PostIndexModel.swift */; };
		43DB228C23596D3A00E69C0F /* TagModel.swift in Sources */ = {isa = PBXBuildFile; fileRef = 43DB228B23596D3A00E69C0F /* TagModel.swift */; };
		43DB228E23596E8300E69C0F /* Tags.swift in Sources */ = {isa = PBXBuildFile; fileRef = 43DB228D23596E8300E69C0F /* Tags.swift */; };
		43DB229023596F3300E69C0F /* TagsAPI.swift in Sources */ = {isa = PBXBuildFile; fileRef = 43DB228F23596F3300E69C0F /* TagsAPI.swift */; };
		43DCB72A232F918C009EB012 /* StringArrayModel.swift in Sources */ = {isa = PBXBuildFile; fileRef = 43DCB729232F918C009EB012 /* StringArrayModel.swift */; };
		43DE4BDC22F7C257006EA673 /* SponsorshipsAPI.swift in Sources */ = {isa = PBXBuildFile; fileRef = 43DE4BDB22F7C257006EA673 /* SponsorshipsAPI.swift */; };
		43DE4BDE22F7C2E3006EA673 /* SponsorshipModel.swift in Sources */ = {isa = PBXBuildFile; fileRef = 43DE4BDD22F7C2E3006EA673 /* SponsorshipModel.swift */; };
		43DE4BE022F7C425006EA673 /* Sponsorships.swift in Sources */ = {isa = PBXBuildFile; fileRef = 43DE4BDF22F7C425006EA673 /* Sponsorships.swift */; };
		43E4C43A22CDED26004C4F8A /* LikeModel.swift in Sources */ = {isa = PBXBuildFile; fileRef = 43E4C43922CDED26004C4F8A /* LikeModel.swift */; };
		43E4C43E22CDED74004C4F8A /* ContentModel.swift in Sources */ = {isa = PBXBuildFile; fileRef = 43E4C43D22CDED74004C4F8A /* ContentModel.swift */; };
		43FC6F8A22F832A50086B65A /* FanPassModel.swift in Sources */ = {isa = PBXBuildFile; fileRef = 43FC6F8922F832A50086B65A /* FanPassModel.swift */; };
		OBJ_299 /* Package.swift in Sources */ = {isa = PBXBuildFile; fileRef = OBJ_6 /* Package.swift */; };
		OBJ_310 /* PictionSDKTests.swift in Sources */ = {isa = PBXBuildFile; fileRef = OBJ_35 /* PictionSDKTests.swift */; };
		OBJ_311 /* XCTestManifests.swift in Sources */ = {isa = PBXBuildFile; fileRef = OBJ_36 /* XCTestManifests.swift */; };
		OBJ_313 /* PictionSDK.framework in Frameworks */ = {isa = PBXBuildFile; fileRef = "PictionSDK::PictionSDK::Product" /* PictionSDK.framework */; };
/* End PBXBuildFile section */

/* Begin PBXContainerItemProxy section */
		43FC88EE229D3A370074C3D6 /* PBXContainerItemProxy */ = {
			isa = PBXContainerItemProxy;
			containerPortal = OBJ_1 /* Project object */;
			proxyType = 1;
			remoteGlobalIDString = "PictionSDK::PictionSDK";
			remoteInfo = PictionSDK;
		};
		43FC88F5229D3A3A0074C3D6 /* PBXContainerItemProxy */ = {
			isa = PBXContainerItemProxy;
			containerPortal = OBJ_1 /* Project object */;
			proxyType = 1;
			remoteGlobalIDString = "PictionSDK::PictionSDKTests";
			remoteInfo = PictionSDKTests;
		};
/* End PBXContainerItemProxy section */

/* Begin PBXFileReference section */
		430907CB23629536005EF5A2 /* SubscriptionUserModel.swift */ = {isa = PBXFileReference; lastKnownFileType = sourcecode.swift; path = SubscriptionUserModel.swift; sourceTree = "<group>"; };
		4319189B22D45D0A0005328E /* SearchAPI.swift */ = {isa = PBXFileReference; lastKnownFileType = sourcecode.swift; path = SearchAPI.swift; sourceTree = "<group>"; };
		4319189F22D460CF0005328E /* Search.swift */ = {isa = PBXFileReference; lastKnownFileType = sourcecode.swift; path = Search.swift; sourceTree = "<group>"; };
		431918FE22D585980005328E /* RecommendationAPI.swift */ = {isa = PBXFileReference; lastKnownFileType = sourcecode.swift; path = RecommendationAPI.swift; sourceTree = "<group>"; };
		4319190222D585A60005328E /* Recommendation.swift */ = {isa = PBXFileReference; lastKnownFileType = sourcecode.swift; path = Recommendation.swift; sourceTree = "<group>"; };
		4319190622D585EF0005328E /* RecommendProjectModel.swift */ = {isa = PBXFileReference; lastKnownFileType = sourcecode.swift; path = RecommendProjectModel.swift; sourceTree = "<group>"; };
		4319190A22D5DB5D0005328E /* BannersAPI.swift */ = {isa = PBXFileReference; lastKnownFileType = sourcecode.swift; path = BannersAPI.swift; sourceTree = "<group>"; };
		4319190E22D5DD540005328E /* Banners.swift */ = {isa = PBXFileReference; lastKnownFileType = sourcecode.swift; path = Banners.swift; sourceTree = "<group>"; };
		4319191222D5DDB10005328E /* BannerModel.swift */ = {isa = PBXFileReference; lastKnownFileType = sourcecode.swift; path = BannerModel.swift; sourceTree = "<group>"; };
		4329EB8F22B1D76B00D01916 /* PostsAPI.swift */ = {isa = PBXFileReference; lastKnownFileType = sourcecode.swift; path = PostsAPI.swift; sourceTree = "<group>"; };
		4329EBB422B1E3A900D01916 /* Posts.swift */ = {isa = PBXFileReference; lastKnownFileType = sourcecode.swift; path = Posts.swift; sourceTree = "<group>"; };
		432A679222BC681B009E51FF /* StorageAttachmentModel.swift */ = {isa = PBXFileReference; fileEncoding = 4; lastKnownFileType = sourcecode.swift; path = StorageAttachmentModel.swift; sourceTree = "<group>"; };
		432A679322BC681B009E51FF /* ProjectModel.swift */ = {isa = PBXFileReference; fileEncoding = 4; lastKnownFileType = sourcecode.swift; path = ProjectModel.swift; sourceTree = "<group>"; };
		432A679422BC681B009E51FF /* TransactionModel.swift */ = {isa = PBXFileReference; fileEncoding = 4; lastKnownFileType = sourcecode.swift; path = TransactionModel.swift; sourceTree = "<group>"; };
		432A679522BC681B009E51FF /* WalletModel.swift */ = {isa = PBXFileReference; fileEncoding = 4; lastKnownFileType = sourcecode.swift; path = WalletModel.swift; sourceTree = "<group>"; };
		432A679622BC681B009E51FF /* AuthenticationModel.swift */ = {isa = PBXFileReference; fileEncoding = 4; lastKnownFileType = sourcecode.swift; path = AuthenticationModel.swift; sourceTree = "<group>"; };
		432A679722BC681B009E51FF /* SubscriptionModel.swift */ = {isa = PBXFileReference; fileEncoding = 4; lastKnownFileType = sourcecode.swift; path = SubscriptionModel.swift; sourceTree = "<group>"; };
		432A679822BC681B009E51FF /* PageModel.swift */ = {isa = PBXFileReference; fileEncoding = 4; lastKnownFileType = sourcecode.swift; path = PageModel.swift; sourceTree = "<group>"; };
		432A679922BC681B009E51FF /* SalesModel.swift */ = {isa = PBXFileReference; fileEncoding = 4; lastKnownFileType = sourcecode.swift; path = SalesModel.swift; sourceTree = "<group>"; };
		432A679A22BC681B009E51FF /* PostModel.swift */ = {isa = PBXFileReference; fileEncoding = 4; lastKnownFileType = sourcecode.swift; path = PostModel.swift; sourceTree = "<group>"; };
		432A679B22BC681B009E51FF /* UserModel.swift */ = {isa = PBXFileReference; fileEncoding = 4; lastKnownFileType = sourcecode.swift; path = UserModel.swift; sourceTree = "<group>"; };
		432A679C22BC681B009E51FF /* DefaultModel.swift */ = {isa = PBXFileReference; fileEncoding = 4; lastKnownFileType = sourcecode.swift; path = DefaultModel.swift; sourceTree = "<group>"; };
		432A679E22BC681B009E51FF /* ErrorModel.swift */ = {isa = PBXFileReference; fileEncoding = 4; lastKnownFileType = sourcecode.swift; path = ErrorModel.swift; sourceTree = "<group>"; };
		432A679F22BC681B009E51FF /* SeriesModel.swift */ = {isa = PBXFileReference; fileEncoding = 4; lastKnownFileType = sourcecode.swift; path = SeriesModel.swift; sourceTree = "<group>"; };
		432A67CA22BC7B7C009E51FF /* DateExtension.swift */ = {isa = PBXFileReference; fileEncoding = 4; lastKnownFileType = sourcecode.swift; path = DateExtension.swift; sourceTree = "<group>"; };
		432BB2ED22E95E79006E9D5C /* Debug */ = {isa = PBXFileReference; lastKnownFileType = text; name = Debug; path = "../../../../Library/Developer/Xcode/DerivedData/PictionSDK-esqmbsxoomweeagjgkadtqfydrwb/Build/Products/Debug"; sourceTree = "<group>"; };
		432CAC0A22B328630007EE03 /* MyAPI.swift */ = {isa = PBXFileReference; lastKnownFileType = sourcecode.swift; path = MyAPI.swift; sourceTree = "<group>"; };
		432CAC0D22B32A2F0007EE03 /* My.swift */ = {isa = PBXFileReference; lastKnownFileType = sourcecode.swift; path = My.swift; sourceTree = "<group>"; };
		432CAC2322B33F2D0007EE03 /* Series.swift */ = {isa = PBXFileReference; lastKnownFileType = sourcecode.swift; path = Series.swift; sourceTree = "<group>"; };
		432CAC2622B33F380007EE03 /* SeriesAPI.swift */ = {isa = PBXFileReference; lastKnownFileType = sourcecode.swift; path = SeriesAPI.swift; sourceTree = "<group>"; };
		432CAC7122B725410007EE03 /* Response.swift */ = {isa = PBXFileReference; lastKnownFileType = sourcecode.swift; path = Response.swift; sourceTree = "<group>"; };
		4331CE2023152BD800CF635B /* input.xcfilelist */ = {isa = PBXFileReference; fileEncoding = 4; lastKnownFileType = text.xcfilelist; path = input.xcfilelist; sourceTree = "<group>"; };
		4331CE48231905CF00CF635B /* output.xcfilelist */ = {isa = PBXFileReference; fileEncoding = 4; lastKnownFileType = text.xcfilelist; path = output.xcfilelist; sourceTree = "<group>"; };
		436881A222E6E48700DB42B6 /* Mapper.framework */ = {isa = PBXFileReference; lastKnownFileType = wrapper.framework; name = Mapper.framework; path = Carthage/Build/iOS/Mapper.framework; sourceTree = "<group>"; };
		436881A422E6E48700DB42B6 /* KeychainAccess.framework */ = {isa = PBXFileReference; lastKnownFileType = wrapper.framework; name = KeychainAccess.framework; path = Carthage/Build/iOS/KeychainAccess.framework; sourceTree = "<group>"; };
		436881AC22E6E48800DB42B6 /* Result.framework */ = {isa = PBXFileReference; lastKnownFileType = wrapper.framework; name = Result.framework; path = Carthage/Build/iOS/Result.framework; sourceTree = "<group>"; };
		436881B022E6E48800DB42B6 /* Alamofire.framework */ = {isa = PBXFileReference; lastKnownFileType = wrapper.framework; name = Alamofire.framework; path = Carthage/Build/iOS/Alamofire.framework; sourceTree = "<group>"; };
		436C759D2386846C00902F08 /* FeesModel.swift */ = {isa = PBXFileReference; lastKnownFileType = sourcecode.swift; path = FeesModel.swift; sourceTree = "<group>"; };
		43C5C9462383DA53004BACFC /* TransactionSubscriptionModel.swift */ = {isa = PBXFileReference; lastKnownFileType = sourcecode.swift; path = TransactionSubscriptionModel.swift; sourceTree = "<group>"; };
		43C5C9482383DA83004BACFC /* TransactionSponsorshipModel.swift */ = {isa = PBXFileReference; lastKnownFileType = sourcecode.swift; path = TransactionSponsorshipModel.swift; sourceTree = "<group>"; };
		43CA1BE722A4EF2200CEF20A /* MoyaResponseExtension.swift */ = {isa = PBXFileReference; fileEncoding = 4; lastKnownFileType = sourcecode.swift; path = MoyaResponseExtension.swift; sourceTree = "<group>"; };
		43CA1BE822A4EF2200CEF20A /* TargetTypeExtension.swift */ = {isa = PBXFileReference; fileEncoding = 4; lastKnownFileType = sourcecode.swift; path = TargetTypeExtension.swift; sourceTree = "<group>"; };
		43CA1BEA22A4EF2200CEF20A /* ServerInfo.swift */ = {isa = PBXFileReference; fileEncoding = 4; lastKnownFileType = sourcecode.swift; path = ServerInfo.swift; sourceTree = "<group>"; };
		43CA1BF622A4EF2200CEF20A /* Users.swift */ = {isa = PBXFileReference; fileEncoding = 4; lastKnownFileType = sourcecode.swift; path = Users.swift; sourceTree = "<group>"; };
		43CA1BF722A4EF2200CEF20A /* Sessions.swift */ = {isa = PBXFileReference; fileEncoding = 4; lastKnownFileType = sourcecode.swift; path = Sessions.swift; sourceTree = "<group>"; };
		43CA1BF822A4EF2200CEF20A /* Projects.swift */ = {isa = PBXFileReference; fileEncoding = 4; lastKnownFileType = sourcecode.swift; path = Projects.swift; sourceTree = "<group>"; };
		43CA1BFA22A4EF2200CEF20A /* UsersAPI.swift */ = {isa = PBXFileReference; fileEncoding = 4; lastKnownFileType = sourcecode.swift; path = UsersAPI.swift; sourceTree = "<group>"; };
		43CA1BFB22A4EF2200CEF20A /* ProjectsAPI.swift */ = {isa = PBXFileReference; fileEncoding = 4; lastKnownFileType = sourcecode.swift; path = ProjectsAPI.swift; sourceTree = "<group>"; };
		43CA1BFC22A4EF2200CEF20A /* SessionsAPI.swift */ = {isa = PBXFileReference; fileEncoding = 4; lastKnownFileType = sourcecode.swift; path = SessionsAPI.swift; sourceTree = "<group>"; };
		43CA1BFD22A4EF2200CEF20A /* PictionSDK.swift */ = {isa = PBXFileReference; fileEncoding = 4; lastKnownFileType = sourcecode.swift; path = PictionSDK.swift; sourceTree = "<group>"; };
		43CA1BFF22A4EF2200CEF20A /* PictionManager.swift */ = {isa = PBXFileReference; fileEncoding = 4; lastKnownFileType = sourcecode.swift; path = PictionManager.swift; sourceTree = "<group>"; };
		43CA1C0122A4EF2200CEF20A /* Request.swift */ = {isa = PBXFileReference; fileEncoding = 4; lastKnownFileType = sourcecode.swift; path = Request.swift; sourceTree = "<group>"; };
		43CA1C0222A4EF2200CEF20A /* ErrorType.swift */ = {isa = PBXFileReference; fileEncoding = 4; lastKnownFileType = sourcecode.swift; path = ErrorType.swift; sourceTree = "<group>"; };
		43CA1CC022A4F6BF00CEF20A /* RxPictionSDK.framework */ = {isa = PBXFileReference; explicitFileType = wrapper.framework; includeInIndex = 0; path = RxPictionSDK.framework; sourceTree = BUILT_PRODUCTS_DIR; };
		43CA1CC322A4F6F900CEF20A /* PictionSDK+Rx.swift */ = {isa = PBXFileReference; fileEncoding = 4; lastKnownFileType = sourcecode.swift; path = "PictionSDK+Rx.swift"; sourceTree = "<group>"; };
		43CD77D3232F341600AC5F07 /* PostIndexModel.swift */ = {isa = PBXFileReference; lastKnownFileType = sourcecode.swift; path = PostIndexModel.swift; sourceTree = "<group>"; };
		43DB228B23596D3A00E69C0F /* TagModel.swift */ = {isa = PBXFileReference; lastKnownFileType = sourcecode.swift; path = TagModel.swift; sourceTree = "<group>"; };
		43DB228D23596E8300E69C0F /* Tags.swift */ = {isa = PBXFileReference; lastKnownFileType = sourcecode.swift; path = Tags.swift; sourceTree = "<group>"; };
		43DB228F23596F3300E69C0F /* TagsAPI.swift */ = {isa = PBXFileReference; lastKnownFileType = sourcecode.swift; path = TagsAPI.swift; sourceTree = "<group>"; };
		43DCB729232F918C009EB012 /* StringArrayModel.swift */ = {isa = PBXFileReference; lastKnownFileType = sourcecode.swift; path = StringArrayModel.swift; sourceTree = "<group>"; };
		43DE4BDB22F7C257006EA673 /* SponsorshipsAPI.swift */ = {isa = PBXFileReference; lastKnownFileType = sourcecode.swift; path = SponsorshipsAPI.swift; sourceTree = "<group>"; };
		43DE4BDD22F7C2E3006EA673 /* SponsorshipModel.swift */ = {isa = PBXFileReference; lastKnownFileType = sourcecode.swift; path = SponsorshipModel.swift; sourceTree = "<group>"; };
		43DE4BDF22F7C425006EA673 /* Sponsorships.swift */ = {isa = PBXFileReference; lastKnownFileType = sourcecode.swift; path = Sponsorships.swift; sourceTree = "<group>"; };
		43E4C43922CDED26004C4F8A /* LikeModel.swift */ = {isa = PBXFileReference; lastKnownFileType = sourcecode.swift; path = LikeModel.swift; sourceTree = "<group>"; };
		43E4C43D22CDED74004C4F8A /* ContentModel.swift */ = {isa = PBXFileReference; lastKnownFileType = sourcecode.swift; path = ContentModel.swift; sourceTree = "<group>"; };
		43FC6F8922F832A50086B65A /* FanPassModel.swift */ = {isa = PBXFileReference; lastKnownFileType = sourcecode.swift; path = FanPassModel.swift; sourceTree = "<group>"; };
		OBJ_35 /* PictionSDKTests.swift */ = {isa = PBXFileReference; lastKnownFileType = sourcecode.swift; path = PictionSDKTests.swift; sourceTree = "<group>"; };
		OBJ_36 /* XCTestManifests.swift */ = {isa = PBXFileReference; lastKnownFileType = sourcecode.swift; path = XCTestManifests.swift; sourceTree = "<group>"; };
		OBJ_6 /* Package.swift */ = {isa = PBXFileReference; explicitFileType = sourcecode.swift; path = Package.swift; sourceTree = "<group>"; };
		"PictionSDK::PictionSDK::Product" /* PictionSDK.framework */ = {isa = PBXFileReference; explicitFileType = wrapper.framework; path = PictionSDK.framework; sourceTree = BUILT_PRODUCTS_DIR; };
		"PictionSDK::PictionSDKTests::Product" /* PictionSDKTests.xctest */ = {isa = PBXFileReference; explicitFileType = wrapper.cfbundle; path = PictionSDKTests.xctest; sourceTree = BUILT_PRODUCTS_DIR; };
/* End PBXFileReference section */

/* Begin PBXFrameworksBuildPhase section */
		43CA1CB422A4F6BF00CEF20A /* Frameworks */ = {
			isa = PBXFrameworksBuildPhase;
			buildActionMask = 0;
			files = (
				432BB2E922E95DAF006E9D5C /* PictionSDK.framework in Frameworks */,
			);
			runOnlyForDeploymentPostprocessing = 0;
		};
		OBJ_281 /* Frameworks */ = {
			isa = PBXFrameworksBuildPhase;
			buildActionMask = 0;
			files = (
				436881F422E6F1C800DB42B6 /* Alamofire.framework in Frameworks */,
				436881F622E6F1C800DB42B6 /* KeychainAccess.framework in Frameworks */,
				436881FA22E6F1F500DB42B6 /* Result.framework in Frameworks */,
				436881F722E6F1C800DB42B6 /* Mapper.framework in Frameworks */,
			);
			runOnlyForDeploymentPostprocessing = 0;
		};
		OBJ_312 /* Frameworks */ = {
			isa = PBXFrameworksBuildPhase;
			buildActionMask = 0;
			files = (
				OBJ_313 /* PictionSDK.framework in Frameworks */,
			);
			runOnlyForDeploymentPostprocessing = 0;
		};
/* End PBXFrameworksBuildPhase section */

/* Begin PBXGroup section */
		432A679122BC681B009E51FF /* Model */ = {
			isa = PBXGroup;
			children = (
				432A679222BC681B009E51FF /* StorageAttachmentModel.swift */,
				432A679322BC681B009E51FF /* ProjectModel.swift */,
				432A679422BC681B009E51FF /* TransactionModel.swift */,
				432A679522BC681B009E51FF /* WalletModel.swift */,
				432A679622BC681B009E51FF /* AuthenticationModel.swift */,
				432A679722BC681B009E51FF /* SubscriptionModel.swift */,
				432A679822BC681B009E51FF /* PageModel.swift */,
				432A679922BC681B009E51FF /* SalesModel.swift */,
				432A679A22BC681B009E51FF /* PostModel.swift */,
				432A679B22BC681B009E51FF /* UserModel.swift */,
				432A679C22BC681B009E51FF /* DefaultModel.swift */,
				432A679E22BC681B009E51FF /* ErrorModel.swift */,
				432A679F22BC681B009E51FF /* SeriesModel.swift */,
				43E4C43922CDED26004C4F8A /* LikeModel.swift */,
				43E4C43D22CDED74004C4F8A /* ContentModel.swift */,
				4319190622D585EF0005328E /* RecommendProjectModel.swift */,
				4319191222D5DDB10005328E /* BannerModel.swift */,
				43DE4BDD22F7C2E3006EA673 /* SponsorshipModel.swift */,
				43FC6F8922F832A50086B65A /* FanPassModel.swift */,
				43CD77D3232F341600AC5F07 /* PostIndexModel.swift */,
				43DCB729232F918C009EB012 /* StringArrayModel.swift */,
				43DB228B23596D3A00E69C0F /* TagModel.swift */,
				430907CB23629536005EF5A2 /* SubscriptionUserModel.swift */,
				43C5C9462383DA53004BACFC /* TransactionSubscriptionModel.swift */,
				43C5C9482383DA83004BACFC /* TransactionSponsorshipModel.swift */,
				436C759D2386846C00902F08 /* FeesModel.swift */,
			);
			path = Model;
			sourceTree = "<group>";
		};
		4331CE1F23152BD000CF635B /* XCFileList */ = {
			isa = PBXGroup;
			children = (
				4331CE2023152BD800CF635B /* input.xcfilelist */,
				4331CE48231905CF00CF635B /* output.xcfilelist */,
			);
			path = XCFileList;
			sourceTree = "<group>";
		};
		43CA1BE522A4EF2200CEF20A /* PictionSDK */ = {
			isa = PBXGroup;
			children = (
				43CA1BFD22A4EF2200CEF20A /* PictionSDK.swift */,
				43CA1BE622A4EF2200CEF20A /* Extension */,
				43CA1BE922A4EF2200CEF20A /* Config */,
				43CA1BEB22A4EF2200CEF20A /* Network */,
				43CA1BFE22A4EF2200CEF20A /* Helper */,
			);
			path = PictionSDK;
			sourceTree = "<group>";
		};
		43CA1BE622A4EF2200CEF20A /* Extension */ = {
			isa = PBXGroup;
			children = (
				43CA1BE722A4EF2200CEF20A /* MoyaResponseExtension.swift */,
				43CA1BE822A4EF2200CEF20A /* TargetTypeExtension.swift */,
				432A67CA22BC7B7C009E51FF /* DateExtension.swift */,
			);
			path = Extension;
			sourceTree = "<group>";
		};
		43CA1BE922A4EF2200CEF20A /* Config */ = {
			isa = PBXGroup;
			children = (
				43CA1BEA22A4EF2200CEF20A /* ServerInfo.swift */,
			);
			path = Config;
			sourceTree = "<group>";
		};
		43CA1BEB22A4EF2200CEF20A /* Network */ = {
			isa = PBXGroup;
			children = (
				432A679122BC681B009E51FF /* Model */,
				43CA1BF522A4EF2200CEF20A /* Request */,
				43CA1BF922A4EF2200CEF20A /* TargetType */,
			);
			path = Network;
			sourceTree = "<group>";
		};
		43CA1BF522A4EF2200CEF20A /* Request */ = {
			isa = PBXGroup;
			children = (
				43CA1BF622A4EF2200CEF20A /* Users.swift */,
				43CA1BF722A4EF2200CEF20A /* Sessions.swift */,
				43CA1BF822A4EF2200CEF20A /* Projects.swift */,
				4329EBB422B1E3A900D01916 /* Posts.swift */,
				432CAC0D22B32A2F0007EE03 /* My.swift */,
				432CAC2322B33F2D0007EE03 /* Series.swift */,
				4319189F22D460CF0005328E /* Search.swift */,
				4319190222D585A60005328E /* Recommendation.swift */,
				4319190E22D5DD540005328E /* Banners.swift */,
				43DE4BDF22F7C425006EA673 /* Sponsorships.swift */,
				43DB228D23596E8300E69C0F /* Tags.swift */,
			);
			path = Request;
			sourceTree = "<group>";
		};
		43CA1BF922A4EF2200CEF20A /* TargetType */ = {
			isa = PBXGroup;
			children = (
				43CA1BFA22A4EF2200CEF20A /* UsersAPI.swift */,
				43CA1BFC22A4EF2200CEF20A /* SessionsAPI.swift */,
				43CA1BFB22A4EF2200CEF20A /* ProjectsAPI.swift */,
				4329EB8F22B1D76B00D01916 /* PostsAPI.swift */,
				432CAC0A22B328630007EE03 /* MyAPI.swift */,
				432CAC2622B33F380007EE03 /* SeriesAPI.swift */,
				4319189B22D45D0A0005328E /* SearchAPI.swift */,
				431918FE22D585980005328E /* RecommendationAPI.swift */,
				4319190A22D5DB5D0005328E /* BannersAPI.swift */,
				43DE4BDB22F7C257006EA673 /* SponsorshipsAPI.swift */,
				43DB228F23596F3300E69C0F /* TagsAPI.swift */,
			);
			path = TargetType;
			sourceTree = "<group>";
		};
		43CA1BFE22A4EF2200CEF20A /* Helper */ = {
			isa = PBXGroup;
			children = (
				43CA1BFF22A4EF2200CEF20A /* PictionManager.swift */,
				43CA1C0122A4EF2200CEF20A /* Request.swift */,
				43CA1C0222A4EF2200CEF20A /* ErrorType.swift */,
				432CAC7122B725410007EE03 /* Response.swift */,
			);
			path = Helper;
			sourceTree = "<group>";
		};
		43CA1C0322A4EF2300CEF20A /* RxPictionSDK */ = {
			isa = PBXGroup;
			children = (
				43CA1CC322A4F6F900CEF20A /* PictionSDK+Rx.swift */,
			);
			path = RxPictionSDK;
			sourceTree = "<group>";
		};
		43FC8931229E60B90074C3D6 /* Frameworks */ = {
			isa = PBXGroup;
			children = (
				436881B022E6E48800DB42B6 /* Alamofire.framework */,
				436881A422E6E48700DB42B6 /* KeychainAccess.framework */,
				436881A222E6E48700DB42B6 /* Mapper.framework */,
				436881AC22E6E48800DB42B6 /* Result.framework */,
			);
			name = Frameworks;
			sourceTree = "<group>";
		};
		OBJ_117 /* Products */ = {
			isa = PBXGroup;
			children = (
				"PictionSDK::PictionSDK::Product" /* PictionSDK.framework */,
				"PictionSDK::PictionSDKTests::Product" /* PictionSDKTests.xctest */,
				43CA1CC022A4F6BF00CEF20A /* RxPictionSDK.framework */,
			);
			name = Products;
			sourceTree = BUILT_PRODUCTS_DIR;
		};
		OBJ_33 /* Tests */ = {
			isa = PBXGroup;
			children = (
				432BB2ED22E95E79006E9D5C /* Debug */,
				OBJ_34 /* PictionSDKTests */,
			);
			name = Tests;
			sourceTree = SOURCE_ROOT;
		};
		OBJ_34 /* PictionSDKTests */ = {
			isa = PBXGroup;
			children = (
				OBJ_35 /* PictionSDKTests.swift */,
				OBJ_36 /* XCTestManifests.swift */,
			);
			name = PictionSDKTests;
			path = Tests/PictionSDKTests;
			sourceTree = SOURCE_ROOT;
		};
		OBJ_5 = {
			isa = PBXGroup;
			children = (
				OBJ_6 /* Package.swift */,
				OBJ_7 /* Sources */,
				4331CE1F23152BD000CF635B /* XCFileList */,
				OBJ_33 /* Tests */,
				OBJ_117 /* Products */,
				43FC8931229E60B90074C3D6 /* Frameworks */,
			);
			sourceTree = "<group>";
		};
		OBJ_7 /* Sources */ = {
			isa = PBXGroup;
			children = (
				43CA1BE522A4EF2200CEF20A /* PictionSDK */,
				43CA1C0322A4EF2300CEF20A /* RxPictionSDK */,
			);
			path = Sources;
			sourceTree = SOURCE_ROOT;
		};
/* End PBXGroup section */

/* Begin PBXNativeTarget section */
		43CA1C9D22A4F6BF00CEF20A /* RxPictionSDK */ = {
			isa = PBXNativeTarget;
			buildConfigurationList = 43CA1CBD22A4F6BF00CEF20A /* Build configuration list for PBXNativeTarget "RxPictionSDK" */;
			buildPhases = (
				43CA1C9E22A4F6BF00CEF20A /* Sources */,
				43CA1CB422A4F6BF00CEF20A /* Frameworks */,
				436881E322E6EEA400DB42B6 /* ShellScript */,
			);
			buildRules = (
			);
			dependencies = (
			);
			name = RxPictionSDK;
			productName = PictionSDK;
			productReference = 43CA1CC022A4F6BF00CEF20A /* RxPictionSDK.framework */;
			productType = "com.apple.product-type.framework";
		};
		"PictionSDK::PictionSDK" /* PictionSDK */ = {
			isa = PBXNativeTarget;
			buildConfigurationList = OBJ_260 /* Build configuration list for PBXNativeTarget "PictionSDK" */;
			buildPhases = (
				OBJ_263 /* Sources */,
				OBJ_281 /* Frameworks */,
				436881E222E6EDBB00DB42B6 /* ShellScript */,
			);
			buildRules = (
			);
			dependencies = (
			);
			name = PictionSDK;
			productName = PictionSDK;
			productReference = "PictionSDK::PictionSDK::Product" /* PictionSDK.framework */;
			productType = "com.apple.product-type.framework";
		};
		"PictionSDK::PictionSDKTests" /* PictionSDKTests */ = {
			isa = PBXNativeTarget;
			buildConfigurationList = OBJ_306 /* Build configuration list for PBXNativeTarget "PictionSDKTests" */;
			buildPhases = (
				OBJ_309 /* Sources */,
				OBJ_312 /* Frameworks */,
			);
			buildRules = (
			);
			dependencies = (
				OBJ_320 /* PBXTargetDependency */,
			);
			name = PictionSDKTests;
			productName = PictionSDKTests;
			productReference = "PictionSDK::PictionSDKTests::Product" /* PictionSDKTests.xctest */;
			productType = "com.apple.product-type.bundle.unit-test";
		};
		"PictionSDK::SwiftPMPackageDescription" /* PictionSDKPackageDescription */ = {
			isa = PBXNativeTarget;
			buildConfigurationList = OBJ_295 /* Build configuration list for PBXNativeTarget "PictionSDKPackageDescription" */;
			buildPhases = (
				OBJ_298 /* Sources */,
			);
			buildRules = (
			);
			dependencies = (
			);
			name = PictionSDKPackageDescription;
			productName = PictionSDKPackageDescription;
			productType = "com.apple.product-type.framework";
		};
/* End PBXNativeTarget section */

/* Begin PBXProject section */
		OBJ_1 /* Project object */ = {
			isa = PBXProject;
			attributes = {
				LastSwiftMigration = 9999;
				LastSwiftUpdateCheck = 1020;
				LastUpgradeCheck = 9999;
			};
			buildConfigurationList = OBJ_2 /* Build configuration list for PBXProject "PictionSDK" */;
			compatibilityVersion = "Xcode 3.2";
			developmentRegion = English;
			hasScannedForEncodings = 0;
			knownRegions = (
				English,
				en,
				Base,
			);
			mainGroup = OBJ_5;
			productRefGroup = OBJ_117 /* Products */;
			projectDirPath = "";
			projectRoot = "";
			targets = (
				"PictionSDK::PictionSDK" /* PictionSDK */,
				43CA1C9D22A4F6BF00CEF20A /* RxPictionSDK */,
				"PictionSDK::SwiftPMPackageDescription" /* PictionSDKPackageDescription */,
				"PictionSDK::PictionSDKPackageTests::ProductTarget" /* PictionSDKPackageTests */,
				"PictionSDK::PictionSDKTests" /* PictionSDKTests */,
			);
		};
/* End PBXProject section */

/* Begin PBXShellScriptBuildPhase section */
		436881E222E6EDBB00DB42B6 /* ShellScript */ = {
			isa = PBXShellScriptBuildPhase;
			buildActionMask = 2147483647;
			files = (
			);
			inputFileListPaths = (
			);
			inputPaths = (
			);
			outputFileListPaths = (
			);
			outputPaths = (
			);
			runOnlyForDeploymentPostprocessing = 0;
			shellPath = /bin/sh;
			shellScript = "cp -R ${BUILT_PRODUCTS_DIR}/${TARGET_NAME}.framework ${SRCROOT}/Product/\n";
		};
		436881E322E6EEA400DB42B6 /* ShellScript */ = {
			isa = PBXShellScriptBuildPhase;
			buildActionMask = 2147483647;
			files = (
			);
			inputFileListPaths = (
			);
			inputPaths = (
			);
			outputFileListPaths = (
			);
			outputPaths = (
			);
			runOnlyForDeploymentPostprocessing = 0;
			shellPath = /bin/sh;
			shellScript = "cp -R ${BUILT_PRODUCTS_DIR}/${TARGET_NAME}.framework ${SRCROOT}/Product/\n";
		};
/* End PBXShellScriptBuildPhase section */

/* Begin PBXSourcesBuildPhase section */
		43CA1C9E22A4F6BF00CEF20A /* Sources */ = {
			isa = PBXSourcesBuildPhase;
			buildActionMask = 0;
			files = (
				43CA1CC522A4F6F900CEF20A /* PictionSDK+Rx.swift in Sources */,
			);
			runOnlyForDeploymentPostprocessing = 0;
		};
		OBJ_263 /* Sources */ = {
			isa = PBXSourcesBuildPhase;
			buildActionMask = 0;
			files = (
				431918A022D460CF0005328E /* Search.swift in Sources */,
				43C5C9492383DA83004BACFC /* TransactionSponsorshipModel.swift in Sources */,
				43FC6F8A22F832A50086B65A /* FanPassModel.swift in Sources */,
				43CA1C1522A4EF2300CEF20A /* PictionManager.swift in Sources */,
				432A67CB22BC7B7C009E51FF /* DateExtension.swift in Sources */,
				43E4C43E22CDED74004C4F8A /* ContentModel.swift in Sources */,
				432A67AC22BC681B009E51FF /* AuthenticationModel.swift in Sources */,
				43CA1C1722A4EF2300CEF20A /* Request.swift in Sources */,
				43CA1C0422A4EF2300CEF20A /* MoyaResponseExtension.swift in Sources */,
				43DE4BE022F7C425006EA673 /* Sponsorships.swift in Sources */,
				4329EBB522B1E3A900D01916 /* Posts.swift in Sources */,
				43DB229023596F3300E69C0F /* TagsAPI.swift in Sources */,
				430907CC23629537005EF5A2 /* SubscriptionUserModel.swift in Sources */,
				432A67A622BC681B009E51FF /* TransactionModel.swift in Sources */,
				43CA1C0F22A4EF2300CEF20A /* Sessions.swift in Sources */,
				432CAC2722B33F380007EE03 /* SeriesAPI.swift in Sources */,
				43CA1C1322A4EF2300CEF20A /* SessionsAPI.swift in Sources */,
				43DE4BDC22F7C257006EA673 /* SponsorshipsAPI.swift in Sources */,
				43CA1C1422A4EF2300CEF20A /* PictionSDK.swift in Sources */,
				43CA1C1822A4EF2300CEF20A /* ErrorType.swift in Sources */,
				43CA1C0622A4EF2300CEF20A /* ServerInfo.swift in Sources */,
				432A67B822BC681B009E51FF /* PostModel.swift in Sources */,
				432A67AF22BC681B009E51FF /* SubscriptionModel.swift in Sources */,
				432A67C422BC681B009E51FF /* ErrorModel.swift in Sources */,
				436C759E2386846C00902F08 /* FeesModel.swift in Sources */,
				43CD77D4232F341600AC5F07 /* PostIndexModel.swift in Sources */,
				432A67C722BC681B009E51FF /* SeriesModel.swift in Sources */,
				43DE4BDE22F7C2E3006EA673 /* SponsorshipModel.swift in Sources */,
				432A67B222BC681B009E51FF /* PageModel.swift in Sources */,
				4319190F22D5DD540005328E /* Banners.swift in Sources */,
				43E4C43A22CDED26004C4F8A /* LikeModel.swift in Sources */,
				432CAC0E22B32A2F0007EE03 /* My.swift in Sources */,
				432A67BE22BC681B009E51FF /* DefaultModel.swift in Sources */,
				4329EB9022B1D76B00D01916 /* PostsAPI.swift in Sources */,
				4319189C22D45D0A0005328E /* SearchAPI.swift in Sources */,
				4319190722D585EF0005328E /* RecommendProjectModel.swift in Sources */,
				43CA1C0E22A4EF2300CEF20A /* Users.swift in Sources */,
				432CAC0B22B328630007EE03 /* MyAPI.swift in Sources */,
				432CAC2422B33F2D0007EE03 /* Series.swift in Sources */,
				432CAC7222B725410007EE03 /* Response.swift in Sources */,
				432A67B522BC681B009E51FF /* SalesModel.swift in Sources */,
				43CA1C0522A4EF2300CEF20A /* TargetTypeExtension.swift in Sources */,
				43CA1C1122A4EF2300CEF20A /* UsersAPI.swift in Sources */,
				431918FF22D585980005328E /* RecommendationAPI.swift in Sources */,
				43CA1C1222A4EF2300CEF20A /* ProjectsAPI.swift in Sources */,
				432A67A022BC681B009E51FF /* StorageAttachmentModel.swift in Sources */,
				43CA1C1022A4EF2300CEF20A /* Projects.swift in Sources */,
				4319191322D5DDB10005328E /* BannerModel.swift in Sources */,
				43DCB72A232F918C009EB012 /* StringArrayModel.swift in Sources */,
				43DB228C23596D3A00E69C0F /* TagModel.swift in Sources */,
				43C5C9472383DA53004BACFC /* TransactionSubscriptionModel.swift in Sources */,
				4319190B22D5DB5D0005328E /* BannersAPI.swift in Sources */,
				432A67A922BC681B009E51FF /* WalletModel.swift in Sources */,
				43DB228E23596E8300E69C0F /* Tags.swift in Sources */,
				4319190322D585A60005328E /* Recommendation.swift in Sources */,
				432A67BB22BC681B009E51FF /* UserModel.swift in Sources */,
				432A67A322BC681B009E51FF /* ProjectModel.swift in Sources */,
			);
			runOnlyForDeploymentPostprocessing = 0;
		};
		OBJ_298 /* Sources */ = {
			isa = PBXSourcesBuildPhase;
			buildActionMask = 0;
			files = (
				OBJ_299 /* Package.swift in Sources */,
			);
			runOnlyForDeploymentPostprocessing = 0;
		};
		OBJ_309 /* Sources */ = {
			isa = PBXSourcesBuildPhase;
			buildActionMask = 0;
			files = (
				OBJ_310 /* PictionSDKTests.swift in Sources */,
				OBJ_311 /* XCTestManifests.swift in Sources */,
			);
			runOnlyForDeploymentPostprocessing = 0;
		};
/* End PBXSourcesBuildPhase section */

/* Begin PBXTargetDependency section */
		OBJ_304 /* PBXTargetDependency */ = {
			isa = PBXTargetDependency;
			target = "PictionSDK::PictionSDKTests" /* PictionSDKTests */;
			targetProxy = 43FC88F5229D3A3A0074C3D6 /* PBXContainerItemProxy */;
		};
		OBJ_320 /* PBXTargetDependency */ = {
			isa = PBXTargetDependency;
			target = "PictionSDK::PictionSDK" /* PictionSDK */;
			targetProxy = 43FC88EE229D3A370074C3D6 /* PBXContainerItemProxy */;
		};
/* End PBXTargetDependency section */

/* Begin XCBuildConfiguration section */
		43CA1CBE22A4F6BF00CEF20A /* Debug */ = {
			isa = XCBuildConfiguration;
			buildSettings = {
				BUILD_LIBRARY_FOR_DISTRIBUTION = YES;
				CODE_SIGN_IDENTITY = "iPhone Developer";
				DEVELOPMENT_TEAM = "";
				ENABLE_TESTABILITY = YES;
				FRAMEWORK_SEARCH_PATHS = "$(PROJECT_DIR)/Carthage/Build/iOS";
				"FRAMEWORK_SEARCH_PATHS[sdk=iphoneos*]" = (
					"$(inherited)",
					"$(SRCROOT)/Carthage/Build/iOS/",
				);
				HEADER_SEARCH_PATHS = "$(inherited)";
				INFOPLIST_FILE = PictionSDK.xcodeproj/RxPictionSDK_Info.plist;
				IPHONEOS_DEPLOYMENT_TARGET = 8.0;
				LD_RUNPATH_SEARCH_PATHS = "$(inherited) @loader_path/Frameworks @executable_path/Frameworks";
				MACOSX_DEPLOYMENT_TARGET = 10.10;
				ONLY_ACTIVE_ARCH = YES;
				OTHER_CFLAGS = "$(inherited)";
				OTHER_LDFLAGS = "$(inherited)";
				OTHER_SWIFT_FLAGS = "$(inherited)";
				PRODUCT_BUNDLE_IDENTIFIER = com.pictionnetwork.RxPictionSDK;
				PRODUCT_MODULE_NAME = "$(TARGET_NAME:c99extidentifier)";
				PRODUCT_NAME = "$(TARGET_NAME)";
				SDKROOT = iphoneos;
				SKIP_INSTALL = YES;
				SUPPORTED_PLATFORMS = "iphonesimulator iphoneos";
				SWIFT_ACTIVE_COMPILATION_CONDITIONS = "$(inherited)";
				SWIFT_VERSION = 5.0;
				TARGET_NAME = RxPictionSDK;
				TVOS_DEPLOYMENT_TARGET = 9.0;
				VALID_ARCHS = "arm64 arm64e armv7 armv7s x86_64 i386";
				WATCHOS_DEPLOYMENT_TARGET = 2.0;
			};
			name = Debug;
		};
		43CA1CBF22A4F6BF00CEF20A /* Release */ = {
			isa = XCBuildConfiguration;
			buildSettings = {
				BUILD_LIBRARY_FOR_DISTRIBUTION = YES;
				CODE_SIGN_IDENTITY = "iPhone Developer";
				DEVELOPMENT_TEAM = "";
				ENABLE_TESTABILITY = YES;
				FRAMEWORK_SEARCH_PATHS = "$(PROJECT_DIR)/Carthage/Build/iOS";
				"FRAMEWORK_SEARCH_PATHS[sdk=iphoneos*]" = (
					"$(inherited)",
					"$(SRCROOT)/Carthage/Build/iOS/",
				);
				HEADER_SEARCH_PATHS = "$(inherited)";
				INFOPLIST_FILE = PictionSDK.xcodeproj/RxPictionSDK_Info.plist;
				IPHONEOS_DEPLOYMENT_TARGET = 8.0;
				LD_RUNPATH_SEARCH_PATHS = "$(inherited) @loader_path/Frameworks @executable_path/Frameworks";
				MACOSX_DEPLOYMENT_TARGET = 10.10;
				OTHER_CFLAGS = "$(inherited)";
				OTHER_LDFLAGS = "$(inherited)";
				OTHER_SWIFT_FLAGS = "$(inherited)";
				PRODUCT_BUNDLE_IDENTIFIER = com.pictionnetwork.RxPictionSDK;
				PRODUCT_MODULE_NAME = "$(TARGET_NAME:c99extidentifier)";
				PRODUCT_NAME = "$(TARGET_NAME)";
				SDKROOT = iphoneos;
				SKIP_INSTALL = YES;
				SUPPORTED_PLATFORMS = "iphonesimulator iphoneos";
				SWIFT_ACTIVE_COMPILATION_CONDITIONS = "$(inherited)";
				SWIFT_VERSION = 5.0;
				TARGET_NAME = RxPictionSDK;
				TVOS_DEPLOYMENT_TARGET = 9.0;
				VALID_ARCHS = "arm64 arm64e armv7 armv7s x86_64 i386";
				WATCHOS_DEPLOYMENT_TARGET = 2.0;
			};
			name = Release;
		};
		OBJ_261 /* Debug */ = {
			isa = XCBuildConfiguration;
			buildSettings = {
				BUILD_LIBRARY_FOR_DISTRIBUTION = YES;
				CODE_SIGN_IDENTITY = "iPhone Developer";
				DEVELOPMENT_TEAM = "";
				ENABLE_TESTABILITY = YES;
				FRAMEWORK_SEARCH_PATHS = "$(PROJECT_DIR)/Carthage/Build/iOS";
				"FRAMEWORK_SEARCH_PATHS[sdk=iphoneos*]" = (
					"$(inherited)",
					"$(SRCROOT)/Carthage/Build/iOS/",
				);
				HEADER_SEARCH_PATHS = "$(inherited)";
				INFOPLIST_FILE = PictionSDK.xcodeproj/PictionSDK_Info.plist;
				IPHONEOS_DEPLOYMENT_TARGET = 8.0;
				LD_RUNPATH_SEARCH_PATHS = "$(inherited) @loader_path/Frameworks @executable_path/Frameworks";
				MACOSX_DEPLOYMENT_TARGET = 10.10;
				ONLY_ACTIVE_ARCH = YES;
				OTHER_CFLAGS = "$(inherited)";
				OTHER_LDFLAGS = "$(inherited)";
				OTHER_SWIFT_FLAGS = "$(inherited)";
				PRODUCT_BUNDLE_IDENTIFIER = com.pictionnetwork.PictionSDK;
				PRODUCT_MODULE_NAME = "$(TARGET_NAME:c99extidentifier)";
				PRODUCT_NAME = "$(TARGET_NAME:c99extidentifier)";
				SDKROOT = iphoneos;
				SKIP_INSTALL = YES;
				SUPPORTED_PLATFORMS = "iphonesimulator iphoneos";
				SWIFT_ACTIVE_COMPILATION_CONDITIONS = "$(inherited)";
				SWIFT_VERSION = 5.0;
				TARGET_NAME = PictionSDK;
				TVOS_DEPLOYMENT_TARGET = 9.0;
				VALID_ARCHS = "arm64 arm64e armv7 armv7s x86_64 i386";
				WATCHOS_DEPLOYMENT_TARGET = 2.0;
			};
			name = Debug;
		};
		OBJ_262 /* Release */ = {
			isa = XCBuildConfiguration;
			buildSettings = {
				BUILD_LIBRARY_FOR_DISTRIBUTION = YES;
				CODE_SIGN_IDENTITY = "iPhone Developer";
				DEVELOPMENT_TEAM = "";
				ENABLE_TESTABILITY = YES;
				FRAMEWORK_SEARCH_PATHS = "$(PROJECT_DIR)/Carthage/Build/iOS";
				"FRAMEWORK_SEARCH_PATHS[sdk=iphoneos*]" = (
					"$(inherited)",
					"$(SRCROOT)/Carthage/Build/iOS/",
				);
				HEADER_SEARCH_PATHS = "$(inherited)";
				INFOPLIST_FILE = PictionSDK.xcodeproj/PictionSDK_Info.plist;
				IPHONEOS_DEPLOYMENT_TARGET = 8.0;
				LD_RUNPATH_SEARCH_PATHS = "$(inherited) @loader_path/Frameworks @executable_path/Frameworks";
				MACOSX_DEPLOYMENT_TARGET = 10.10;
				OTHER_CFLAGS = "$(inherited)";
				OTHER_LDFLAGS = "$(inherited)";
				OTHER_SWIFT_FLAGS = "$(inherited)";
				PRODUCT_BUNDLE_IDENTIFIER = com.pictionnetwork.PictionSDK;
				PRODUCT_MODULE_NAME = "$(TARGET_NAME:c99extidentifier)";
				PRODUCT_NAME = "$(TARGET_NAME:c99extidentifier)";
				SDKROOT = iphoneos;
				SKIP_INSTALL = YES;
				SUPPORTED_PLATFORMS = "iphonesimulator iphoneos";
				SWIFT_ACTIVE_COMPILATION_CONDITIONS = "$(inherited)";
				SWIFT_VERSION = 5.0;
				TARGET_NAME = PictionSDK;
				TVOS_DEPLOYMENT_TARGET = 9.0;
				VALID_ARCHS = "arm64 arm64e armv7 armv7s x86_64 i386";
				WATCHOS_DEPLOYMENT_TARGET = 2.0;
			};
			name = Release;
		};
		OBJ_296 /* Debug */ = {
			isa = XCBuildConfiguration;
			buildSettings = {
				LD = /usr/bin/true;
				OTHER_SWIFT_FLAGS = "-swift-version 5 -I $(TOOLCHAIN_DIR)/usr/lib/swift/pm/4_2 -target x86_64-apple-macosx10.10 -sdk /Applications/Xcode.app/Contents/Developer/Platforms/MacOSX.platform/Developer/SDKs/MacOSX10.14.sdk";
				SWIFT_VERSION = 5.0;
			};
			name = Debug;
		};
		OBJ_297 /* Release */ = {
			isa = XCBuildConfiguration;
			buildSettings = {
				LD = /usr/bin/true;
				OTHER_SWIFT_FLAGS = "-swift-version 5 -I $(TOOLCHAIN_DIR)/usr/lib/swift/pm/4_2 -target x86_64-apple-macosx10.10 -sdk /Applications/Xcode.app/Contents/Developer/Platforms/MacOSX.platform/Developer/SDKs/MacOSX10.14.sdk";
				SWIFT_VERSION = 5.0;
			};
			name = Release;
		};
		OBJ_3 /* Debug */ = {
			isa = XCBuildConfiguration;
			buildSettings = {
				CLANG_ENABLE_OBJC_ARC = YES;
				COMBINE_HIDPI_IMAGES = YES;
				COPY_PHASE_STRIP = NO;
				DEBUG_INFORMATION_FORMAT = dwarf;
				DYLIB_INSTALL_NAME_BASE = "@rpath";
				ENABLE_NS_ASSERTIONS = YES;
				GCC_OPTIMIZATION_LEVEL = 0;
				GCC_PREPROCESSOR_DEFINITIONS = (
					"$(inherited)",
					"SWIFT_PACKAGE=1",
					"DEBUG=1",
				);
				MACOSX_DEPLOYMENT_TARGET = 10.10;
				ONLY_ACTIVE_ARCH = YES;
				OTHER_SWIFT_FLAGS = "-DXcode";
				PRODUCT_NAME = "$(TARGET_NAME)";
				SDKROOT = macosx;
				SUPPORTED_PLATFORMS = "macosx iphoneos iphonesimulator appletvos appletvsimulator watchos watchsimulator";
				SWIFT_ACTIVE_COMPILATION_CONDITIONS = "$(inherited) SWIFT_PACKAGE DEBUG";
				SWIFT_OPTIMIZATION_LEVEL = "-Onone";
				USE_HEADERMAP = NO;
			};
			name = Debug;
		};
		OBJ_302 /* Debug */ = {
			isa = XCBuildConfiguration;
			buildSettings = {
			};
			name = Debug;
		};
		OBJ_303 /* Release */ = {
			isa = XCBuildConfiguration;
			buildSettings = {
			};
			name = Release;
		};
		OBJ_307 /* Debug */ = {
			isa = XCBuildConfiguration;
			buildSettings = {
				CLANG_ENABLE_MODULES = YES;
				EMBEDDED_CONTENT_CONTAINS_SWIFT = YES;
				FRAMEWORK_SEARCH_PATHS = (
					"$(inherited)",
					"$(PLATFORM_DIR)/Developer/Library/Frameworks",
				);
				HEADER_SEARCH_PATHS = "$(inherited)";
				INFOPLIST_FILE = PictionSDK.xcodeproj/PictionSDKTests_Info.plist;
				IPHONEOS_DEPLOYMENT_TARGET = 8.0;
				LD_RUNPATH_SEARCH_PATHS = "$(inherited) @loader_path/../Frameworks @loader_path/Frameworks";
				MACOSX_DEPLOYMENT_TARGET = 10.10;
				OTHER_CFLAGS = "$(inherited)";
				OTHER_LDFLAGS = "$(inherited)";
				OTHER_SWIFT_FLAGS = "$(inherited)";
				SWIFT_ACTIVE_COMPILATION_CONDITIONS = "$(inherited)";
				SWIFT_VERSION = 5.0;
				TARGET_NAME = PictionSDKTests;
				TVOS_DEPLOYMENT_TARGET = 9.0;
				WATCHOS_DEPLOYMENT_TARGET = 2.0;
			};
			name = Debug;
		};
		OBJ_308 /* Release */ = {
			isa = XCBuildConfiguration;
			buildSettings = {
				CLANG_ENABLE_MODULES = YES;
				EMBEDDED_CONTENT_CONTAINS_SWIFT = YES;
				FRAMEWORK_SEARCH_PATHS = (
					"$(inherited)",
					"$(PLATFORM_DIR)/Developer/Library/Frameworks",
				);
				HEADER_SEARCH_PATHS = "$(inherited)";
				INFOPLIST_FILE = PictionSDK.xcodeproj/PictionSDKTests_Info.plist;
				IPHONEOS_DEPLOYMENT_TARGET = 8.0;
				LD_RUNPATH_SEARCH_PATHS = "$(inherited) @loader_path/../Frameworks @loader_path/Frameworks";
				MACOSX_DEPLOYMENT_TARGET = 10.10;
				OTHER_CFLAGS = "$(inherited)";
				OTHER_LDFLAGS = "$(inherited)";
				OTHER_SWIFT_FLAGS = "$(inherited)";
				SWIFT_ACTIVE_COMPILATION_CONDITIONS = "$(inherited)";
				SWIFT_VERSION = 5.0;
				TARGET_NAME = PictionSDKTests;
				TVOS_DEPLOYMENT_TARGET = 9.0;
				WATCHOS_DEPLOYMENT_TARGET = 2.0;
			};
			name = Release;
		};
		OBJ_4 /* Release */ = {
			isa = XCBuildConfiguration;
			buildSettings = {
				CLANG_ENABLE_OBJC_ARC = YES;
				COMBINE_HIDPI_IMAGES = YES;
				COPY_PHASE_STRIP = YES;
				DEBUG_INFORMATION_FORMAT = "dwarf-with-dsym";
				DYLIB_INSTALL_NAME_BASE = "@rpath";
				GCC_OPTIMIZATION_LEVEL = s;
				GCC_PREPROCESSOR_DEFINITIONS = (
					"$(inherited)",
					"SWIFT_PACKAGE=1",
				);
				MACOSX_DEPLOYMENT_TARGET = 10.10;
				OTHER_SWIFT_FLAGS = "-DXcode";
				PRODUCT_NAME = "$(TARGET_NAME)";
				SDKROOT = macosx;
				SUPPORTED_PLATFORMS = "macosx iphoneos iphonesimulator appletvos appletvsimulator watchos watchsimulator";
				SWIFT_ACTIVE_COMPILATION_CONDITIONS = "$(inherited) SWIFT_PACKAGE";
				SWIFT_OPTIMIZATION_LEVEL = "-Owholemodule";
				USE_HEADERMAP = NO;
			};
			name = Release;
		};
/* End XCBuildConfiguration section */

/* Begin XCConfigurationList section */
		43CA1CBD22A4F6BF00CEF20A /* Build configuration list for PBXNativeTarget "RxPictionSDK" */ = {
			isa = XCConfigurationList;
			buildConfigurations = (
				43CA1CBE22A4F6BF00CEF20A /* Debug */,
				43CA1CBF22A4F6BF00CEF20A /* Release */,
			);
			defaultConfigurationIsVisible = 0;
			defaultConfigurationName = Release;
		};
		OBJ_2 /* Build configuration list for PBXProject "PictionSDK" */ = {
			isa = XCConfigurationList;
			buildConfigurations = (
				OBJ_3 /* Debug */,
				OBJ_4 /* Release */,
			);
			defaultConfigurationIsVisible = 0;
			defaultConfigurationName = Release;
		};
		OBJ_260 /* Build configuration list for PBXNativeTarget "PictionSDK" */ = {
			isa = XCConfigurationList;
			buildConfigurations = (
				OBJ_261 /* Debug */,
				OBJ_262 /* Release */,
			);
			defaultConfigurationIsVisible = 0;
			defaultConfigurationName = Release;
		};
		OBJ_295 /* Build configuration list for PBXNativeTarget "PictionSDKPackageDescription" */ = {
			isa = XCConfigurationList;
			buildConfigurations = (
				OBJ_296 /* Debug */,
				OBJ_297 /* Release */,
			);
			defaultConfigurationIsVisible = 0;
			defaultConfigurationName = Release;
		};
		OBJ_301 /* Build configuration list for PBXAggregateTarget "PictionSDKPackageTests" */ = {
			isa = XCConfigurationList;
			buildConfigurations = (
				OBJ_302 /* Debug */,
				OBJ_303 /* Release */,
			);
			defaultConfigurationIsVisible = 0;
			defaultConfigurationName = Release;
		};
		OBJ_306 /* Build configuration list for PBXNativeTarget "PictionSDKTests" */ = {
			isa = XCConfigurationList;
			buildConfigurations = (
				OBJ_307 /* Debug */,
				OBJ_308 /* Release */,
			);
			defaultConfigurationIsVisible = 0;
			defaultConfigurationName = Release;
		};
/* End XCConfigurationList section */
	};
	rootObject = OBJ_1 /* Project object */;
}
