// !$*UTF8*$!
{
	archiveVersion = 1;
	classes = {
	};
	objectVersion = 46;
	objects = {

/* Begin PBXAggregateTarget section */
		"PictionSDK::PictionSDKPackageTests::ProductTarget" /* PictionSDKPackageTests */ = {
			isa = PBXAggregateTarget;
			buildConfigurationList = OBJ_301 /* Build configuration list for PBXAggregateTarget "PictionSDKPackageTests" */;
			buildPhases = (
			);
			dependencies = (
				OBJ_304 /* PBXTargetDependency */,
			);
			name = PictionSDKPackageTests;
			productName = PictionSDKPackageTests;
		};
/* End PBXAggregateTarget section */

/* Begin PBXBuildFile section */
		OBJ_264 /* ServerInfo.swift in Sources */ = {isa = PBXBuildFile; fileRef = OBJ_9 /* ServerInfo.swift */; };
		OBJ_265 /* MoyaResponseExtension.swift in Sources */ = {isa = PBXBuildFile; fileRef = OBJ_11 /* MoyaResponseExtension.swift */; };
		OBJ_266 /* TargetTypeExtension.swift in Sources */ = {isa = PBXBuildFile; fileRef = OBJ_12 /* TargetTypeExtension.swift */; };
		OBJ_267 /* ErrorType.swift in Sources */ = {isa = PBXBuildFile; fileRef = OBJ_14 /* ErrorType.swift */; };
		OBJ_268 /* PictionManager.swift in Sources */ = {isa = PBXBuildFile; fileRef = OBJ_15 /* PictionManager.swift */; };
		OBJ_269 /* Request.swift in Sources */ = {isa = PBXBuildFile; fileRef = OBJ_16 /* Request.swift */; };
		OBJ_270 /* Response.swift in Sources */ = {isa = PBXBuildFile; fileRef = OBJ_17 /* Response.swift */; };
		OBJ_271 /* ErrorModel.swift in Sources */ = {isa = PBXBuildFile; fileRef = OBJ_20 /* ErrorModel.swift */; };
		OBJ_272 /* UserModel.swift in Sources */ = {isa = PBXBuildFile; fileRef = OBJ_21 /* UserModel.swift */; };
		OBJ_273 /* WalletModel.swift in Sources */ = {isa = PBXBuildFile; fileRef = OBJ_22 /* WalletModel.swift */; };
		OBJ_274 /* Sessions.swift in Sources */ = {isa = PBXBuildFile; fileRef = OBJ_24 /* Sessions.swift */; };
		OBJ_275 /* Users.swift in Sources */ = {isa = PBXBuildFile; fileRef = OBJ_25 /* Users.swift */; };
		OBJ_276 /* AuthenticationResponse.swift in Sources */ = {isa = PBXBuildFile; fileRef = OBJ_27 /* AuthenticationResponse.swift */; };
		OBJ_277 /* CurrentUserResponse.swift in Sources */ = {isa = PBXBuildFile; fileRef = OBJ_28 /* CurrentUserResponse.swift */; };
		OBJ_278 /* SessionsAPI.swift in Sources */ = {isa = PBXBuildFile; fileRef = OBJ_30 /* SessionsAPI.swift */; };
		OBJ_279 /* UsersAPI.swift in Sources */ = {isa = PBXBuildFile; fileRef = OBJ_31 /* UsersAPI.swift */; };
		OBJ_280 /* PictionSDK.swift in Sources */ = {isa = PBXBuildFile; fileRef = OBJ_32 /* PictionSDK.swift */; };
		OBJ_299 /* Package.swift in Sources */ = {isa = PBXBuildFile; fileRef = OBJ_6 /* Package.swift */; };
		OBJ_310 /* PictionSDKTests.swift in Sources */ = {isa = PBXBuildFile; fileRef = OBJ_35 /* PictionSDKTests.swift */; };
		OBJ_311 /* XCTestManifests.swift in Sources */ = {isa = PBXBuildFile; fileRef = OBJ_36 /* XCTestManifests.swift */; };
		OBJ_313 /* PictionSDK.framework in Frameworks */ = {isa = PBXBuildFile; fileRef = "PictionSDK::PictionSDK::Product" /* PictionSDK.framework */; };
/* End PBXBuildFile section */

/* Begin PBXContainerItemProxy section */
		43FC88EE229D3A370074C3D6 /* PBXContainerItemProxy */ = {
			isa = PBXContainerItemProxy;
			containerPortal = OBJ_1 /* Project object */;
			proxyType = 1;
			remoteGlobalIDString = "PictionSDK::PictionSDK";
			remoteInfo = PictionSDK;
		};
		43FC88F5229D3A3A0074C3D6 /* PBXContainerItemProxy */ = {
			isa = PBXContainerItemProxy;
			containerPortal = OBJ_1 /* Project object */;
			proxyType = 1;
			remoteGlobalIDString = "PictionSDK::PictionSDKTests";
			remoteInfo = PictionSDKTests;
		};
/* End PBXContainerItemProxy section */

/* Begin PBXFileReference section */
		OBJ_11 /* MoyaResponseExtension.swift */ = {isa = PBXFileReference; lastKnownFileType = sourcecode.swift; path = MoyaResponseExtension.swift; sourceTree = "<group>"; };
		OBJ_12 /* TargetTypeExtension.swift */ = {isa = PBXFileReference; lastKnownFileType = sourcecode.swift; path = TargetTypeExtension.swift; sourceTree = "<group>"; };
		OBJ_14 /* ErrorType.swift */ = {isa = PBXFileReference; lastKnownFileType = sourcecode.swift; path = ErrorType.swift; sourceTree = "<group>"; };
		OBJ_15 /* PictionManager.swift */ = {isa = PBXFileReference; lastKnownFileType = sourcecode.swift; path = PictionManager.swift; sourceTree = "<group>"; };
		OBJ_16 /* Request.swift */ = {isa = PBXFileReference; lastKnownFileType = sourcecode.swift; path = Request.swift; sourceTree = "<group>"; };
		OBJ_17 /* Response.swift */ = {isa = PBXFileReference; lastKnownFileType = sourcecode.swift; path = Response.swift; sourceTree = "<group>"; };
		OBJ_20 /* ErrorModel.swift */ = {isa = PBXFileReference; lastKnownFileType = sourcecode.swift; path = ErrorModel.swift; sourceTree = "<group>"; };
		OBJ_21 /* UserModel.swift */ = {isa = PBXFileReference; lastKnownFileType = sourcecode.swift; path = UserModel.swift; sourceTree = "<group>"; };
		OBJ_22 /* WalletModel.swift */ = {isa = PBXFileReference; lastKnownFileType = sourcecode.swift; path = WalletModel.swift; sourceTree = "<group>"; };
		OBJ_24 /* Sessions.swift */ = {isa = PBXFileReference; lastKnownFileType = sourcecode.swift; path = Sessions.swift; sourceTree = "<group>"; };
		OBJ_25 /* Users.swift */ = {isa = PBXFileReference; lastKnownFileType = sourcecode.swift; path = Users.swift; sourceTree = "<group>"; };
		OBJ_27 /* AuthenticationResponse.swift */ = {isa = PBXFileReference; lastKnownFileType = sourcecode.swift; path = AuthenticationResponse.swift; sourceTree = "<group>"; };
		OBJ_28 /* CurrentUserResponse.swift */ = {isa = PBXFileReference; lastKnownFileType = sourcecode.swift; path = CurrentUserResponse.swift; sourceTree = "<group>"; };
		OBJ_30 /* SessionsAPI.swift */ = {isa = PBXFileReference; lastKnownFileType = sourcecode.swift; path = SessionsAPI.swift; sourceTree = "<group>"; };
		OBJ_31 /* UsersAPI.swift */ = {isa = PBXFileReference; lastKnownFileType = sourcecode.swift; path = UsersAPI.swift; sourceTree = "<group>"; };
		OBJ_32 /* PictionSDK.swift */ = {isa = PBXFileReference; lastKnownFileType = sourcecode.swift; path = PictionSDK.swift; sourceTree = "<group>"; };
		OBJ_35 /* PictionSDKTests.swift */ = {isa = PBXFileReference; lastKnownFileType = sourcecode.swift; path = PictionSDKTests.swift; sourceTree = "<group>"; };
		OBJ_36 /* XCTestManifests.swift */ = {isa = PBXFileReference; lastKnownFileType = sourcecode.swift; path = XCTestManifests.swift; sourceTree = "<group>"; };
		OBJ_6 /* Package.swift */ = {isa = PBXFileReference; explicitFileType = sourcecode.swift; path = Package.swift; sourceTree = "<group>"; };
		OBJ_9 /* ServerInfo.swift */ = {isa = PBXFileReference; lastKnownFileType = sourcecode.swift; path = ServerInfo.swift; sourceTree = "<group>"; };
		"PictionSDK::PictionSDK::Product" /* PictionSDK.framework */ = {isa = PBXFileReference; explicitFileType = wrapper.framework; path = PictionSDK.framework; sourceTree = BUILT_PRODUCTS_DIR; };
		"PictionSDK::PictionSDKTests::Product" /* PictionSDKTests.xctest */ = {isa = PBXFileReference; explicitFileType = wrapper.cfbundle; path = PictionSDKTests.xctest; sourceTree = BUILT_PRODUCTS_DIR; };
/* End PBXFileReference section */

/* Begin PBXFrameworksBuildPhase section */
		OBJ_281 /* Frameworks */ = {
			isa = PBXFrameworksBuildPhase;
			buildActionMask = 0;
			files = (
			);
			runOnlyForDeploymentPostprocessing = 0;
		};
		OBJ_312 /* Frameworks */ = {
			isa = PBXFrameworksBuildPhase;
			buildActionMask = 0;
			files = (
				OBJ_313 /* PictionSDK.framework in Frameworks */,
			);
			runOnlyForDeploymentPostprocessing = 0;
		};
/* End PBXFrameworksBuildPhase section */

/* Begin PBXGroup section */
		OBJ_10 /* Extension */ = {
			isa = PBXGroup;
			children = (
				OBJ_11 /* MoyaResponseExtension.swift */,
				OBJ_12 /* TargetTypeExtension.swift */,
			);
			path = Extension;
			sourceTree = "<group>";
		};
		OBJ_117 /* Products */ = {
			isa = PBXGroup;
			children = (
				"PictionSDK::PictionSDK::Product" /* PictionSDK.framework */,
				"PictionSDK::PictionSDKTests::Product" /* PictionSDKTests.xctest */,
			);
			name = Products;
			sourceTree = BUILT_PRODUCTS_DIR;
		};
		OBJ_13 /* Helper */ = {
			isa = PBXGroup;
			children = (
				OBJ_14 /* ErrorType.swift */,
				OBJ_15 /* PictionManager.swift */,
				OBJ_16 /* Request.swift */,
				OBJ_17 /* Response.swift */,
			);
			path = Helper;
			sourceTree = "<group>";
		};
		OBJ_18 /* Network */ = {
			isa = PBXGroup;
			children = (
				OBJ_19 /* Model */,
				OBJ_23 /* Request */,
				OBJ_26 /* Response */,
				OBJ_29 /* TargetType */,
			);
			path = Network;
			sourceTree = "<group>";
		};
		OBJ_19 /* Model */ = {
			isa = PBXGroup;
			children = (
				OBJ_20 /* ErrorModel.swift */,
				OBJ_21 /* UserModel.swift */,
				OBJ_22 /* WalletModel.swift */,
			);
			path = Model;
			sourceTree = "<group>";
		};
		OBJ_23 /* Request */ = {
			isa = PBXGroup;
			children = (
				OBJ_24 /* Sessions.swift */,
				OBJ_25 /* Users.swift */,
			);
			path = Request;
			sourceTree = "<group>";
		};
		OBJ_26 /* Response */ = {
			isa = PBXGroup;
			children = (
				OBJ_27 /* AuthenticationResponse.swift */,
				OBJ_28 /* CurrentUserResponse.swift */,
			);
			path = Response;
			sourceTree = "<group>";
		};
		OBJ_29 /* TargetType */ = {
			isa = PBXGroup;
			children = (
				OBJ_30 /* SessionsAPI.swift */,
				OBJ_31 /* UsersAPI.swift */,
			);
			path = TargetType;
			sourceTree = "<group>";
		};
		OBJ_33 /* Tests */ = {
			isa = PBXGroup;
			children = (
				OBJ_34 /* PictionSDKTests */,
			);
			name = Tests;
			sourceTree = SOURCE_ROOT;
		};
		OBJ_34 /* PictionSDKTests */ = {
			isa = PBXGroup;
			children = (
				OBJ_35 /* PictionSDKTests.swift */,
				OBJ_36 /* XCTestManifests.swift */,
			);
			name = PictionSDKTests;
			path = Tests/PictionSDKTests;
			sourceTree = SOURCE_ROOT;
		};
		OBJ_5 = {
			isa = PBXGroup;
			children = (
				OBJ_6 /* Package.swift */,
				OBJ_7 /* Sources */,
				OBJ_33 /* Tests */,
				OBJ_117 /* Products */,
			);
			sourceTree = "<group>";
		};
		OBJ_7 /* Sources */ = {
			isa = PBXGroup;
			children = (
				OBJ_8 /* Config */,
				OBJ_10 /* Extension */,
				OBJ_13 /* Helper */,
				OBJ_18 /* Network */,
				OBJ_32 /* PictionSDK.swift */,
			);
			path = Sources;
			sourceTree = SOURCE_ROOT;
		};
		OBJ_8 /* Config */ = {
			isa = PBXGroup;
			children = (
				OBJ_9 /* ServerInfo.swift */,
			);
			path = Config;
			sourceTree = "<group>";
		};
/* End PBXGroup section */

/* Begin PBXNativeTarget section */
		"PictionSDK::PictionSDK" /* PictionSDK */ = {
			isa = PBXNativeTarget;
			buildConfigurationList = OBJ_260 /* Build configuration list for PBXNativeTarget "PictionSDK" */;
			buildPhases = (
				OBJ_263 /* Sources */,
				OBJ_281 /* Frameworks */,
				43FC8930229E59170074C3D6 /* ShellScript */,
			);
			buildRules = (
			);
			dependencies = (
			);
			name = PictionSDK;
			productName = PictionSDK;
			productReference = "PictionSDK::PictionSDK::Product" /* PictionSDK.framework */;
			productType = "com.apple.product-type.framework";
		};
		"PictionSDK::PictionSDKTests" /* PictionSDKTests */ = {
			isa = PBXNativeTarget;
			buildConfigurationList = OBJ_306 /* Build configuration list for PBXNativeTarget "PictionSDKTests" */;
			buildPhases = (
				OBJ_309 /* Sources */,
				OBJ_312 /* Frameworks */,
			);
			buildRules = (
			);
			dependencies = (
				OBJ_320 /* PBXTargetDependency */,
			);
			name = PictionSDKTests;
			productName = PictionSDKTests;
			productReference = "PictionSDK::PictionSDKTests::Product" /* PictionSDKTests.xctest */;
			productType = "com.apple.product-type.bundle.unit-test";
		};
		"PictionSDK::SwiftPMPackageDescription" /* PictionSDKPackageDescription */ = {
			isa = PBXNativeTarget;
			buildConfigurationList = OBJ_295 /* Build configuration list for PBXNativeTarget "PictionSDKPackageDescription" */;
			buildPhases = (
				OBJ_298 /* Sources */,
			);
			buildRules = (
			);
			dependencies = (
			);
			name = PictionSDKPackageDescription;
			productName = PictionSDKPackageDescription;
			productType = "com.apple.product-type.framework";
		};
/* End PBXNativeTarget section */

/* Begin PBXProject section */
		OBJ_1 /* Project object */ = {
			isa = PBXProject;
			attributes = {
				LastSwiftMigration = 9999;
				LastUpgradeCheck = 9999;
			};
			buildConfigurationList = OBJ_2 /* Build configuration list for PBXProject "PictionSDK" */;
			compatibilityVersion = "Xcode 3.2";
			developmentRegion = English;
			hasScannedForEncodings = 0;
			knownRegions = (
				English,
				en,
			);
			mainGroup = OBJ_5;
			productRefGroup = OBJ_117 /* Products */;
			projectDirPath = "";
			projectRoot = "";
			targets = (
				"PictionSDK::PictionSDK" /* PictionSDK */,
				"PictionSDK::SwiftPMPackageDescription" /* PictionSDKPackageDescription */,
				"PictionSDK::PictionSDKPackageTests::ProductTarget" /* PictionSDKPackageTests */,
				"PictionSDK::PictionSDKTests" /* PictionSDKTests */,
			);
		};
/* End PBXProject section */

/* Begin PBXShellScriptBuildPhase section */
		43FC8930229E59170074C3D6 /* ShellScript */ = {
			isa = PBXShellScriptBuildPhase;
			buildActionMask = 2147483647;
			files = (
			);
			inputFileListPaths = (
			);
			inputPaths = (
				"$(SRCROOT)/Carthage/Build/iOS/Mapper.framework",
				"$(SRCROOT)/Carthage/Build/iOS/Alamofire.framework",
				"$(SRCROOT)/Carthage/Build/iOS/Moya.framework",
				"$(SRCROOT)/Carthage/Build/iOS/Moya_ModelMapper.framework",
				"$(SRCROOT)/Carthage/Build/iOS/Result.framework",
				"$(SRCROOT)/Carthage/Build/iOS/KeychainAccess.framework",
			);
			outputFileListPaths = (
			);
			outputPaths = (
			);
			runOnlyForDeploymentPostprocessing = 0;
			shellPath = /bin/sh;
			shellScript = "/usr/local/bin/carthage copy-frameworks\n";
		};
/* End PBXShellScriptBuildPhase section */

/* Begin PBXSourcesBuildPhase section */
		OBJ_263 /* Sources */ = {
			isa = PBXSourcesBuildPhase;
			buildActionMask = 0;
			files = (
				OBJ_264 /* ServerInfo.swift in Sources */,
				OBJ_265 /* MoyaResponseExtension.swift in Sources */,
				OBJ_266 /* TargetTypeExtension.swift in Sources */,
				OBJ_267 /* ErrorType.swift in Sources */,
				OBJ_268 /* PictionManager.swift in Sources */,
				OBJ_269 /* Request.swift in Sources */,
				OBJ_270 /* Response.swift in Sources */,
				OBJ_271 /* ErrorModel.swift in Sources */,
				OBJ_272 /* UserModel.swift in Sources */,
				OBJ_273 /* WalletModel.swift in Sources */,
				OBJ_274 /* Sessions.swift in Sources */,
				OBJ_275 /* Users.swift in Sources */,
				OBJ_276 /* AuthenticationResponse.swift in Sources */,
				OBJ_277 /* CurrentUserResponse.swift in Sources */,
				OBJ_278 /* SessionsAPI.swift in Sources */,
				OBJ_279 /* UsersAPI.swift in Sources */,
				OBJ_280 /* PictionSDK.swift in Sources */,
			);
			runOnlyForDeploymentPostprocessing = 0;
		};
		OBJ_298 /* Sources */ = {
			isa = PBXSourcesBuildPhase;
			buildActionMask = 0;
			files = (
				OBJ_299 /* Package.swift in Sources */,
			);
			runOnlyForDeploymentPostprocessing = 0;
		};
		OBJ_309 /* Sources */ = {
			isa = PBXSourcesBuildPhase;
			buildActionMask = 0;
			files = (
				OBJ_310 /* PictionSDKTests.swift in Sources */,
				OBJ_311 /* XCTestManifests.swift in Sources */,
			);
			runOnlyForDeploymentPostprocessing = 0;
		};
/* End PBXSourcesBuildPhase section */

/* Begin PBXTargetDependency section */
		OBJ_304 /* PBXTargetDependency */ = {
			isa = PBXTargetDependency;
			target = "PictionSDK::PictionSDKTests" /* PictionSDKTests */;
			targetProxy = 43FC88F5229D3A3A0074C3D6 /* PBXContainerItemProxy */;
		};
		OBJ_320 /* PBXTargetDependency */ = {
			isa = PBXTargetDependency;
			target = "PictionSDK::PictionSDK" /* PictionSDK */;
			targetProxy = 43FC88EE229D3A370074C3D6 /* PBXContainerItemProxy */;
		};
/* End PBXTargetDependency section */

/* Begin XCBuildConfiguration section */
		OBJ_261 /* Debug */ = {
			isa = XCBuildConfiguration;
			buildSettings = {
				ENABLE_TESTABILITY = YES;
				FRAMEWORK_SEARCH_PATHS = "";
				"FRAMEWORK_SEARCH_PATHS[sdk=iphoneos*]" = (
					"$(inherited)",
					"$(SRCROOT)/Carthage/Build/iOS/",
				);
				HEADER_SEARCH_PATHS = "$(inherited)";
				INFOPLIST_FILE = PictionSDK.xcodeproj/PictionSDK_Info.plist;
				IPHONEOS_DEPLOYMENT_TARGET = "";
				LD_RUNPATH_SEARCH_PATHS = "$(inherited) @loader_path/Frameworks @executable_path/Frameworks";
				MACOSX_DEPLOYMENT_TARGET = 10.10;
				OTHER_CFLAGS = "$(inherited)";
				OTHER_LDFLAGS = "$(inherited)";
				OTHER_SWIFT_FLAGS = "$(inherited)";
				PRODUCT_BUNDLE_IDENTIFIER = PictionSDK;
				PRODUCT_MODULE_NAME = "$(TARGET_NAME:c99extidentifier)";
				PRODUCT_NAME = "$(TARGET_NAME:c99extidentifier)";
				SKIP_INSTALL = YES;
				SWIFT_ACTIVE_COMPILATION_CONDITIONS = "$(inherited)";
				SWIFT_VERSION = 5.0;
				TARGET_NAME = PictionSDK;
				TVOS_DEPLOYMENT_TARGET = 9.0;
				WATCHOS_DEPLOYMENT_TARGET = 2.0;
			};
			name = Debug;
		};
		OBJ_262 /* Release */ = {
			isa = XCBuildConfiguration;
			buildSettings = {
				ENABLE_TESTABILITY = YES;
				FRAMEWORK_SEARCH_PATHS = "";
				"FRAMEWORK_SEARCH_PATHS[sdk=iphoneos*]" = (
					"$(inherited)",
					"$(SRCROOT)/Carthage/Build/iOS/",
				);
				HEADER_SEARCH_PATHS = "$(inherited)";
				INFOPLIST_FILE = PictionSDK.xcodeproj/PictionSDK_Info.plist;
				IPHONEOS_DEPLOYMENT_TARGET = "";
				LD_RUNPATH_SEARCH_PATHS = "$(inherited) @loader_path/Frameworks @executable_path/Frameworks";
				MACOSX_DEPLOYMENT_TARGET = 10.10;
				OTHER_CFLAGS = "$(inherited)";
				OTHER_LDFLAGS = "$(inherited)";
				OTHER_SWIFT_FLAGS = "$(inherited)";
				PRODUCT_BUNDLE_IDENTIFIER = PictionSDK;
				PRODUCT_MODULE_NAME = "$(TARGET_NAME:c99extidentifier)";
				PRODUCT_NAME = "$(TARGET_NAME:c99extidentifier)";
				SKIP_INSTALL = YES;
				SWIFT_ACTIVE_COMPILATION_CONDITIONS = "$(inherited)";
				SWIFT_VERSION = 5.0;
				TARGET_NAME = PictionSDK;
				TVOS_DEPLOYMENT_TARGET = 9.0;
				WATCHOS_DEPLOYMENT_TARGET = 2.0;
			};
			name = Release;
		};
		OBJ_296 /* Debug */ = {
			isa = XCBuildConfiguration;
			buildSettings = {
				LD = /usr/bin/true;
				OTHER_SWIFT_FLAGS = "-swift-version 5 -I $(TOOLCHAIN_DIR)/usr/lib/swift/pm/4_2 -target x86_64-apple-macosx10.10 -sdk /Applications/Xcode.app/Contents/Developer/Platforms/MacOSX.platform/Developer/SDKs/MacOSX10.14.sdk";
				SWIFT_VERSION = 5.0;
			};
			name = Debug;
		};
		OBJ_297 /* Release */ = {
			isa = XCBuildConfiguration;
			buildSettings = {
				LD = /usr/bin/true;
				OTHER_SWIFT_FLAGS = "-swift-version 5 -I $(TOOLCHAIN_DIR)/usr/lib/swift/pm/4_2 -target x86_64-apple-macosx10.10 -sdk /Applications/Xcode.app/Contents/Developer/Platforms/MacOSX.platform/Developer/SDKs/MacOSX10.14.sdk";
				SWIFT_VERSION = 5.0;
			};
			name = Release;
		};
		OBJ_3 /* Debug */ = {
			isa = XCBuildConfiguration;
			buildSettings = {
				CLANG_ENABLE_OBJC_ARC = YES;
				COMBINE_HIDPI_IMAGES = YES;
				COPY_PHASE_STRIP = NO;
				DEBUG_INFORMATION_FORMAT = dwarf;
				DYLIB_INSTALL_NAME_BASE = "@rpath";
				ENABLE_NS_ASSERTIONS = YES;
				GCC_OPTIMIZATION_LEVEL = 0;
				GCC_PREPROCESSOR_DEFINITIONS = (
					"$(inherited)",
					"SWIFT_PACKAGE=1",
					"DEBUG=1",
				);
				MACOSX_DEPLOYMENT_TARGET = 10.10;
				ONLY_ACTIVE_ARCH = YES;
				OTHER_SWIFT_FLAGS = "-DXcode";
				PRODUCT_NAME = "$(TARGET_NAME)";
				SDKROOT = macosx;
				SUPPORTED_PLATFORMS = "macosx iphoneos iphonesimulator appletvos appletvsimulator watchos watchsimulator";
				SWIFT_ACTIVE_COMPILATION_CONDITIONS = "$(inherited) SWIFT_PACKAGE DEBUG";
				SWIFT_OPTIMIZATION_LEVEL = "-Onone";
				USE_HEADERMAP = NO;
			};
			name = Debug;
		};
		OBJ_302 /* Debug */ = {
			isa = XCBuildConfiguration;
			buildSettings = {
			};
			name = Debug;
		};
		OBJ_303 /* Release */ = {
			isa = XCBuildConfiguration;
			buildSettings = {
			};
			name = Release;
		};
		OBJ_307 /* Debug */ = {
			isa = XCBuildConfiguration;
			buildSettings = {
				CLANG_ENABLE_MODULES = YES;
				EMBEDDED_CONTENT_CONTAINS_SWIFT = YES;
				FRAMEWORK_SEARCH_PATHS = (
					"$(inherited)",
					"$(PLATFORM_DIR)/Developer/Library/Frameworks",
				);
				HEADER_SEARCH_PATHS = "$(inherited)";
				INFOPLIST_FILE = PictionSDK.xcodeproj/PictionSDKTests_Info.plist;
				IPHONEOS_DEPLOYMENT_TARGET = 8.0;
				LD_RUNPATH_SEARCH_PATHS = "$(inherited) @loader_path/../Frameworks @loader_path/Frameworks";
				MACOSX_DEPLOYMENT_TARGET = 10.10;
				OTHER_CFLAGS = "$(inherited)";
				OTHER_LDFLAGS = "$(inherited)";
				OTHER_SWIFT_FLAGS = "$(inherited)";
				SWIFT_ACTIVE_COMPILATION_CONDITIONS = "$(inherited)";
				SWIFT_VERSION = 5.0;
				TARGET_NAME = PictionSDKTests;
				TVOS_DEPLOYMENT_TARGET = 9.0;
				WATCHOS_DEPLOYMENT_TARGET = 2.0;
			};
			name = Debug;
		};
		OBJ_308 /* Release */ = {
			isa = XCBuildConfiguration;
			buildSettings = {
				CLANG_ENABLE_MODULES = YES;
				EMBEDDED_CONTENT_CONTAINS_SWIFT = YES;
				FRAMEWORK_SEARCH_PATHS = (
					"$(inherited)",
					"$(PLATFORM_DIR)/Developer/Library/Frameworks",
				);
				HEADER_SEARCH_PATHS = "$(inherited)";
				INFOPLIST_FILE = PictionSDK.xcodeproj/PictionSDKTests_Info.plist;
				IPHONEOS_DEPLOYMENT_TARGET = 8.0;
				LD_RUNPATH_SEARCH_PATHS = "$(inherited) @loader_path/../Frameworks @loader_path/Frameworks";
				MACOSX_DEPLOYMENT_TARGET = 10.10;
				OTHER_CFLAGS = "$(inherited)";
				OTHER_LDFLAGS = "$(inherited)";
				OTHER_SWIFT_FLAGS = "$(inherited)";
				SWIFT_ACTIVE_COMPILATION_CONDITIONS = "$(inherited)";
				SWIFT_VERSION = 5.0;
				TARGET_NAME = PictionSDKTests;
				TVOS_DEPLOYMENT_TARGET = 9.0;
				WATCHOS_DEPLOYMENT_TARGET = 2.0;
			};
			name = Release;
		};
		OBJ_4 /* Release */ = {
			isa = XCBuildConfiguration;
			buildSettings = {
				CLANG_ENABLE_OBJC_ARC = YES;
				COMBINE_HIDPI_IMAGES = YES;
				COPY_PHASE_STRIP = YES;
				DEBUG_INFORMATION_FORMAT = "dwarf-with-dsym";
				DYLIB_INSTALL_NAME_BASE = "@rpath";
				GCC_OPTIMIZATION_LEVEL = s;
				GCC_PREPROCESSOR_DEFINITIONS = (
					"$(inherited)",
					"SWIFT_PACKAGE=1",
				);
				MACOSX_DEPLOYMENT_TARGET = 10.10;
				OTHER_SWIFT_FLAGS = "-DXcode";
				PRODUCT_NAME = "$(TARGET_NAME)";
				SDKROOT = macosx;
				SUPPORTED_PLATFORMS = "macosx iphoneos iphonesimulator appletvos appletvsimulator watchos watchsimulator";
				SWIFT_ACTIVE_COMPILATION_CONDITIONS = "$(inherited) SWIFT_PACKAGE";
				SWIFT_OPTIMIZATION_LEVEL = "-Owholemodule";
				USE_HEADERMAP = NO;
			};
			name = Release;
		};
/* End XCBuildConfiguration section */

/* Begin XCConfigurationList section */
		OBJ_2 /* Build configuration list for PBXProject "PictionSDK" */ = {
			isa = XCConfigurationList;
			buildConfigurations = (
				OBJ_3 /* Debug */,
				OBJ_4 /* Release */,
			);
			defaultConfigurationIsVisible = 0;
			defaultConfigurationName = Release;
		};
		OBJ_260 /* Build configuration list for PBXNativeTarget "PictionSDK" */ = {
			isa = XCConfigurationList;
			buildConfigurations = (
				OBJ_261 /* Debug */,
				OBJ_262 /* Release */,
			);
			defaultConfigurationIsVisible = 0;
			defaultConfigurationName = Release;
		};
		OBJ_295 /* Build configuration list for PBXNativeTarget "PictionSDKPackageDescription" */ = {
			isa = XCConfigurationList;
			buildConfigurations = (
				OBJ_296 /* Debug */,
				OBJ_297 /* Release */,
			);
			defaultConfigurationIsVisible = 0;
			defaultConfigurationName = Release;
		};
		OBJ_301 /* Build configuration list for PBXAggregateTarget "PictionSDKPackageTests" */ = {
			isa = XCConfigurationList;
			buildConfigurations = (
				OBJ_302 /* Debug */,
				OBJ_303 /* Release */,
			);
			defaultConfigurationIsVisible = 0;
			defaultConfigurationName = Release;
		};
		OBJ_306 /* Build configuration list for PBXNativeTarget "PictionSDKTests" */ = {
			isa = XCConfigurationList;
			buildConfigurations = (
				OBJ_307 /* Debug */,
				OBJ_308 /* Release */,
			);
			defaultConfigurationIsVisible = 0;
			defaultConfigurationName = Release;
		};
/* End XCConfigurationList section */
	};
	rootObject = OBJ_1 /* Project object */;
}
